
Microsoft Visual Studio Solution File, Format Version 12.00
# Visual Studio Version 16
VisualStudioVersion = 16.0.29215.179
MinimumVisualStudioVersion = 10.0.40219.1
Project("{FAE04EC0-301F-11D3-BF4B-00C04F79EFBC}") = "ShellServer", "ShellServer\ShellServer.csproj", "{36656368-79EB-4F93-8084-CA251D084737}"
EndProject
Project("{FAE04EC0-301F-11D3-BF4B-00C04F79EFBC}") = "Language", "Language\Language.csproj", "{2FC7DE5D-80F9-469B-BC19-FDCA26BE792E}"
EndProject
Project("{FAE04EC0-301F-11D3-BF4B-00C04F79EFBC}") = "StartService", "StartService\StartService.csproj", "{5617484E-1443-4D89-9567-8D4B57F2E6EF}"
EndProject
Project("{FAE04EC0-301F-11D3-BF4B-00C04F79EFBC}") = "StopService", "StopService\StopService.csproj", "{FB41A6F8-DEF4-4050-B925-672E353085C3}"
EndProject
Project("{FAE04EC0-301F-11D3-BF4B-00C04F79EFBC}") = "Common", "Common\Common.csproj", "{DE033B3B-909F-4682-A5B9-FE8AD6D86D9C}"
EndProject
Project("{FAE04EC0-301F-11D3-BF4B-00C04F79EFBC}") = "ServerManager", "ShellServerManager\ServerManager.csproj", "{4578DACF-3AF2-4D7F-A105-3A310DBDA66F}"
EndProject
Project("{FAE04EC0-301F-11D3-BF4B-00C04F79EFBC}") = "FileHelper", "FileHelper\FileHelper.csproj", "{E31064E7-F353-4096-B38C-AD9068B90433}"
EndProject
Project("{930C7802-8A8C-48F9-8165-68863BCCD9DD}") = "Installer", "Installer\Installer.wixproj", "{E7E0AE22-0A75-417E-950A-21258F5A737A}"
EndProject
Project("{FAE04EC0-301F-11D3-BF4B-00C04F79EFBC}") = "WindowsService", "WindowsService\WindowsService.csproj", "{F7BA5331-F124-4CC3-A3A7-1A9208135088}"
EndProject
Project("{2150E333-8FDC-42A3-9474-1A3956D46DE8}") = "Tests", "Tests", "{F168BF0D-672C-4AF1-BD36-9A78EB7D64C0}"
EndProject
Project("{FAE04EC0-301F-11D3-BF4B-00C04F79EFBC}") = "Common.Tests", "Tests\Common.Tests\Common.Tests.csproj", "{05C3029C-B53A-4D07-B555-2541A60C488A}"
EndProject
Project("{FAE04EC0-301F-11D3-BF4B-00C04F79EFBC}") = "FileHelper.Tests", "Tests\FileHelper.Tests\FileHelper.Tests.csproj", "{9F7C12AD-039C-47CD-93EA-9DD9419325AA}"
EndProject
Project("{FAE04EC0-301F-11D3-BF4B-00C04F79EFBC}") = "ServerManager.Tests", "Tests\ServerManager.Tests\ServerManager.Tests.csproj", "{A7E355B9-3A47-4B06-B690-FD7330CBF230}"
EndProject
Project("{FAE04EC0-301F-11D3-BF4B-00C04F79EFBC}") = "ShellServer.Tests", "Tests\ShellServer.Tests\ShellServer.Tests.csproj", "{C89A4230-DF80-445D-8C92-E1F3A2FCCC61}"
EndProject
Project("{FAE04EC0-301F-11D3-BF4B-00C04F79EFBC}") = "StartService.Tests", "Tests\StartService.Tests\StartService.Tests.csproj", "{0DB321E0-C8F6-439F-B6E4-88261107C063}"
EndProject
Project("{FAE04EC0-301F-11D3-BF4B-00C04F79EFBC}") = "StopService.Tests", "Tests\StopService.Tests\StopService.Tests.csproj", "{ABAF70CB-BE6B-4E27-8B31-27FAA826CB25}"
EndProject
Project("{FAE04EC0-301F-11D3-BF4B-00C04F79EFBC}") = "WindowsService.Tests", "Tests\WindowsService.Tests\WindowsService.Tests.csproj", "{A1176BD0-0B9B-46F7-86AA-94C0910A8DBF}"
EndProject
Project("{FAE04EC0-301F-11D3-BF4B-00C04F79EFBC}") = "ServiceManager", "ServiceManager\ServiceManager.csproj", "{114F866F-7758-4311-B137-929D03B1ABFF}"
EndProject
Project("{FAE04EC0-301F-11D3-BF4B-00C04F79EFBC}") = "ServiceManager.Tests", "Tests\ServiceManager.Tests\ServiceManager.Tests.csproj", "{F049A3E7-D628-4FC1-A1B8-63BCE3012FA5}"
EndProject
Global
	GlobalSection(SolutionConfigurationPlatforms) = preSolution
		Debug|Any CPU = Debug|Any CPU
		Debug|x64 = Debug|x64
		Debug|x86 = Debug|x86
		Release|Any CPU = Release|Any CPU
		Release|x64 = Release|x64
		Release|x86 = Release|x86
	EndGlobalSection
	GlobalSection(ProjectConfigurationPlatforms) = postSolution
		{36656368-79EB-4F93-8084-CA251D084737}.Debug|Any CPU.ActiveCfg = Debug|Any CPU
		{36656368-79EB-4F93-8084-CA251D084737}.Debug|Any CPU.Build.0 = Debug|Any CPU
		{36656368-79EB-4F93-8084-CA251D084737}.Debug|x64.ActiveCfg = Debug|Any CPU
		{36656368-79EB-4F93-8084-CA251D084737}.Debug|x64.Build.0 = Debug|Any CPU
		{36656368-79EB-4F93-8084-CA251D084737}.Debug|x86.ActiveCfg = Debug|Any CPU
		{36656368-79EB-4F93-8084-CA251D084737}.Debug|x86.Build.0 = Debug|Any CPU
		{36656368-79EB-4F93-8084-CA251D084737}.Release|Any CPU.ActiveCfg = Release|Any CPU
		{36656368-79EB-4F93-8084-CA251D084737}.Release|Any CPU.Build.0 = Release|Any CPU
		{36656368-79EB-4F93-8084-CA251D084737}.Release|x64.ActiveCfg = Release|Any CPU
		{36656368-79EB-4F93-8084-CA251D084737}.Release|x64.Build.0 = Release|Any CPU
		{36656368-79EB-4F93-8084-CA251D084737}.Release|x86.ActiveCfg = Release|Any CPU
		{36656368-79EB-4F93-8084-CA251D084737}.Release|x86.Build.0 = Release|Any CPU
		{2FC7DE5D-80F9-469B-BC19-FDCA26BE792E}.Debug|Any CPU.ActiveCfg = Debug|Any CPU
		{2FC7DE5D-80F9-469B-BC19-FDCA26BE792E}.Debug|Any CPU.Build.0 = Debug|Any CPU
		{2FC7DE5D-80F9-469B-BC19-FDCA26BE792E}.Debug|x64.ActiveCfg = Debug|Any CPU
		{2FC7DE5D-80F9-469B-BC19-FDCA26BE792E}.Debug|x64.Build.0 = Debug|Any CPU
		{2FC7DE5D-80F9-469B-BC19-FDCA26BE792E}.Debug|x86.ActiveCfg = Debug|Any CPU
		{2FC7DE5D-80F9-469B-BC19-FDCA26BE792E}.Debug|x86.Build.0 = Debug|Any CPU
		{2FC7DE5D-80F9-469B-BC19-FDCA26BE792E}.Release|Any CPU.ActiveCfg = Release|Any CPU
		{2FC7DE5D-80F9-469B-BC19-FDCA26BE792E}.Release|Any CPU.Build.0 = Release|Any CPU
		{2FC7DE5D-80F9-469B-BC19-FDCA26BE792E}.Release|x64.ActiveCfg = Release|Any CPU
		{2FC7DE5D-80F9-469B-BC19-FDCA26BE792E}.Release|x64.Build.0 = Release|Any CPU
		{2FC7DE5D-80F9-469B-BC19-FDCA26BE792E}.Release|x86.ActiveCfg = Release|Any CPU
		{2FC7DE5D-80F9-469B-BC19-FDCA26BE792E}.Release|x86.Build.0 = Release|Any CPU
		{5617484E-1443-4D89-9567-8D4B57F2E6EF}.Debug|Any CPU.ActiveCfg = Debug|Any CPU
		{5617484E-1443-4D89-9567-8D4B57F2E6EF}.Debug|Any CPU.Build.0 = Debug|Any CPU
		{5617484E-1443-4D89-9567-8D4B57F2E6EF}.Debug|x64.ActiveCfg = Debug|Any CPU
		{5617484E-1443-4D89-9567-8D4B57F2E6EF}.Debug|x64.Build.0 = Debug|Any CPU
		{5617484E-1443-4D89-9567-8D4B57F2E6EF}.Debug|x86.ActiveCfg = Debug|Any CPU
		{5617484E-1443-4D89-9567-8D4B57F2E6EF}.Debug|x86.Build.0 = Debug|Any CPU
		{5617484E-1443-4D89-9567-8D4B57F2E6EF}.Release|Any CPU.ActiveCfg = Release|Any CPU
		{5617484E-1443-4D89-9567-8D4B57F2E6EF}.Release|Any CPU.Build.0 = Release|Any CPU
		{5617484E-1443-4D89-9567-8D4B57F2E6EF}.Release|x64.ActiveCfg = Release|Any CPU
		{5617484E-1443-4D89-9567-8D4B57F2E6EF}.Release|x64.Build.0 = Release|Any CPU
		{5617484E-1443-4D89-9567-8D4B57F2E6EF}.Release|x86.ActiveCfg = Release|Any CPU
		{5617484E-1443-4D89-9567-8D4B57F2E6EF}.Release|x86.Build.0 = Release|Any CPU
		{FB41A6F8-DEF4-4050-B925-672E353085C3}.Debug|Any CPU.ActiveCfg = Debug|Any CPU
		{FB41A6F8-DEF4-4050-B925-672E353085C3}.Debug|Any CPU.Build.0 = Debug|Any CPU
		{FB41A6F8-DEF4-4050-B925-672E353085C3}.Debug|x64.ActiveCfg = Debug|Any CPU
		{FB41A6F8-DEF4-4050-B925-672E353085C3}.Debug|x64.Build.0 = Debug|Any CPU
		{FB41A6F8-DEF4-4050-B925-672E353085C3}.Debug|x86.ActiveCfg = Debug|Any CPU
		{FB41A6F8-DEF4-4050-B925-672E353085C3}.Debug|x86.Build.0 = Debug|Any CPU
		{FB41A6F8-DEF4-4050-B925-672E353085C3}.Release|Any CPU.ActiveCfg = Release|Any CPU
		{FB41A6F8-DEF4-4050-B925-672E353085C3}.Release|Any CPU.Build.0 = Release|Any CPU
		{FB41A6F8-DEF4-4050-B925-672E353085C3}.Release|x64.ActiveCfg = Release|Any CPU
		{FB41A6F8-DEF4-4050-B925-672E353085C3}.Release|x64.Build.0 = Release|Any CPU
		{FB41A6F8-DEF4-4050-B925-672E353085C3}.Release|x86.ActiveCfg = Release|Any CPU
		{FB41A6F8-DEF4-4050-B925-672E353085C3}.Release|x86.Build.0 = Release|Any CPU
		{DE033B3B-909F-4682-A5B9-FE8AD6D86D9C}.Debug|Any CPU.ActiveCfg = Debug|Any CPU
		{DE033B3B-909F-4682-A5B9-FE8AD6D86D9C}.Debug|Any CPU.Build.0 = Debug|Any CPU
		{DE033B3B-909F-4682-A5B9-FE8AD6D86D9C}.Debug|x64.ActiveCfg = Debug|Any CPU
		{DE033B3B-909F-4682-A5B9-FE8AD6D86D9C}.Debug|x64.Build.0 = Debug|Any CPU
		{DE033B3B-909F-4682-A5B9-FE8AD6D86D9C}.Debug|x86.ActiveCfg = Debug|Any CPU
		{DE033B3B-909F-4682-A5B9-FE8AD6D86D9C}.Debug|x86.Build.0 = Debug|Any CPU
		{DE033B3B-909F-4682-A5B9-FE8AD6D86D9C}.Release|Any CPU.ActiveCfg = Release|Any CPU
		{DE033B3B-909F-4682-A5B9-FE8AD6D86D9C}.Release|Any CPU.Build.0 = Release|Any CPU
		{DE033B3B-909F-4682-A5B9-FE8AD6D86D9C}.Release|x64.ActiveCfg = Release|Any CPU
		{DE033B3B-909F-4682-A5B9-FE8AD6D86D9C}.Release|x64.Build.0 = Release|Any CPU
		{DE033B3B-909F-4682-A5B9-FE8AD6D86D9C}.Release|x86.ActiveCfg = Release|Any CPU
		{DE033B3B-909F-4682-A5B9-FE8AD6D86D9C}.Release|x86.Build.0 = Release|Any CPU
		{4578DACF-3AF2-4D7F-A105-3A310DBDA66F}.Debug|Any CPU.ActiveCfg = Debug|Any CPU
		{4578DACF-3AF2-4D7F-A105-3A310DBDA66F}.Debug|Any CPU.Build.0 = Debug|Any CPU
		{4578DACF-3AF2-4D7F-A105-3A310DBDA66F}.Debug|x64.ActiveCfg = Debug|Any CPU
		{4578DACF-3AF2-4D7F-A105-3A310DBDA66F}.Debug|x64.Build.0 = Debug|Any CPU
		{4578DACF-3AF2-4D7F-A105-3A310DBDA66F}.Debug|x86.ActiveCfg = Debug|Any CPU
		{4578DACF-3AF2-4D7F-A105-3A310DBDA66F}.Debug|x86.Build.0 = Debug|Any CPU
		{4578DACF-3AF2-4D7F-A105-3A310DBDA66F}.Release|Any CPU.ActiveCfg = Release|Any CPU
		{4578DACF-3AF2-4D7F-A105-3A310DBDA66F}.Release|Any CPU.Build.0 = Release|Any CPU
		{4578DACF-3AF2-4D7F-A105-3A310DBDA66F}.Release|x64.ActiveCfg = Release|Any CPU
		{4578DACF-3AF2-4D7F-A105-3A310DBDA66F}.Release|x64.Build.0 = Release|Any CPU
		{4578DACF-3AF2-4D7F-A105-3A310DBDA66F}.Release|x86.ActiveCfg = Release|Any CPU
		{4578DACF-3AF2-4D7F-A105-3A310DBDA66F}.Release|x86.Build.0 = Release|Any CPU
		{E31064E7-F353-4096-B38C-AD9068B90433}.Debug|Any CPU.ActiveCfg = Debug|Any CPU
		{E31064E7-F353-4096-B38C-AD9068B90433}.Debug|Any CPU.Build.0 = Debug|Any CPU
		{E31064E7-F353-4096-B38C-AD9068B90433}.Debug|x64.ActiveCfg = Debug|Any CPU
		{E31064E7-F353-4096-B38C-AD9068B90433}.Debug|x64.Build.0 = Debug|Any CPU
		{E31064E7-F353-4096-B38C-AD9068B90433}.Debug|x86.ActiveCfg = Debug|Any CPU
		{E31064E7-F353-4096-B38C-AD9068B90433}.Debug|x86.Build.0 = Debug|Any CPU
		{E31064E7-F353-4096-B38C-AD9068B90433}.Release|Any CPU.ActiveCfg = Release|Any CPU
		{E31064E7-F353-4096-B38C-AD9068B90433}.Release|Any CPU.Build.0 = Release|Any CPU
		{E31064E7-F353-4096-B38C-AD9068B90433}.Release|x64.ActiveCfg = Release|Any CPU
		{E31064E7-F353-4096-B38C-AD9068B90433}.Release|x64.Build.0 = Release|Any CPU
		{E31064E7-F353-4096-B38C-AD9068B90433}.Release|x86.ActiveCfg = Release|Any CPU
		{E31064E7-F353-4096-B38C-AD9068B90433}.Release|x86.Build.0 = Release|Any CPU
		{E7E0AE22-0A75-417E-950A-21258F5A737A}.Debug|Any CPU.ActiveCfg = Debug|x86
		{E7E0AE22-0A75-417E-950A-21258F5A737A}.Debug|x64.ActiveCfg = Debug|x64
		{E7E0AE22-0A75-417E-950A-21258F5A737A}.Debug|x64.Build.0 = Debug|x64
		{E7E0AE22-0A75-417E-950A-21258F5A737A}.Debug|x86.ActiveCfg = Debug|x86
		{E7E0AE22-0A75-417E-950A-21258F5A737A}.Debug|x86.Build.0 = Debug|x86
		{E7E0AE22-0A75-417E-950A-21258F5A737A}.Release|Any CPU.ActiveCfg = Release|x86
		{E7E0AE22-0A75-417E-950A-21258F5A737A}.Release|x64.ActiveCfg = Release|x64
		{E7E0AE22-0A75-417E-950A-21258F5A737A}.Release|x64.Build.0 = Release|x64
		{E7E0AE22-0A75-417E-950A-21258F5A737A}.Release|x86.ActiveCfg = Release|x86
		{E7E0AE22-0A75-417E-950A-21258F5A737A}.Release|x86.Build.0 = Release|x86
		{F7BA5331-F124-4CC3-A3A7-1A9208135088}.Debug|Any CPU.ActiveCfg = Debug|Any CPU
		{F7BA5331-F124-4CC3-A3A7-1A9208135088}.Debug|Any CPU.Build.0 = Debug|Any CPU
		{F7BA5331-F124-4CC3-A3A7-1A9208135088}.Debug|x64.ActiveCfg = Debug|Any CPU
		{F7BA5331-F124-4CC3-A3A7-1A9208135088}.Debug|x64.Build.0 = Debug|Any CPU
		{F7BA5331-F124-4CC3-A3A7-1A9208135088}.Debug|x86.ActiveCfg = Debug|Any CPU
		{F7BA5331-F124-4CC3-A3A7-1A9208135088}.Debug|x86.Build.0 = Debug|Any CPU
		{F7BA5331-F124-4CC3-A3A7-1A9208135088}.Release|Any CPU.ActiveCfg = Release|Any CPU
		{F7BA5331-F124-4CC3-A3A7-1A9208135088}.Release|Any CPU.Build.0 = Release|Any CPU
		{F7BA5331-F124-4CC3-A3A7-1A9208135088}.Release|x64.ActiveCfg = Release|Any CPU
		{F7BA5331-F124-4CC3-A3A7-1A9208135088}.Release|x64.Build.0 = Release|Any CPU
		{F7BA5331-F124-4CC3-A3A7-1A9208135088}.Release|x86.ActiveCfg = Release|Any CPU
		{F7BA5331-F124-4CC3-A3A7-1A9208135088}.Release|x86.Build.0 = Release|Any CPU
		{05C3029C-B53A-4D07-B555-2541A60C488A}.Debug|Any CPU.ActiveCfg = Debug|Any CPU
		{05C3029C-B53A-4D07-B555-2541A60C488A}.Debug|Any CPU.Build.0 = Debug|Any CPU
		{05C3029C-B53A-4D07-B555-2541A60C488A}.Debug|x64.ActiveCfg = Debug|Any CPU
		{05C3029C-B53A-4D07-B555-2541A60C488A}.Debug|x64.Build.0 = Debug|Any CPU
		{05C3029C-B53A-4D07-B555-2541A60C488A}.Debug|x86.ActiveCfg = Debug|Any CPU
		{05C3029C-B53A-4D07-B555-2541A60C488A}.Debug|x86.Build.0 = Debug|Any CPU
		{05C3029C-B53A-4D07-B555-2541A60C488A}.Release|Any CPU.ActiveCfg = Release|Any CPU
		{05C3029C-B53A-4D07-B555-2541A60C488A}.Release|Any CPU.Build.0 = Release|Any CPU
		{05C3029C-B53A-4D07-B555-2541A60C488A}.Release|x64.ActiveCfg = Release|Any CPU
		{05C3029C-B53A-4D07-B555-2541A60C488A}.Release|x64.Build.0 = Release|Any CPU
		{05C3029C-B53A-4D07-B555-2541A60C488A}.Release|x86.ActiveCfg = Release|Any CPU
		{05C3029C-B53A-4D07-B555-2541A60C488A}.Release|x86.Build.0 = Release|Any CPU
		{9F7C12AD-039C-47CD-93EA-9DD9419325AA}.Debug|Any CPU.ActiveCfg = Debug|Any CPU
		{9F7C12AD-039C-47CD-93EA-9DD9419325AA}.Debug|Any CPU.Build.0 = Debug|Any CPU
		{9F7C12AD-039C-47CD-93EA-9DD9419325AA}.Debug|x64.ActiveCfg = Debug|Any CPU
		{9F7C12AD-039C-47CD-93EA-9DD9419325AA}.Debug|x64.Build.0 = Debug|Any CPU
		{9F7C12AD-039C-47CD-93EA-9DD9419325AA}.Debug|x86.ActiveCfg = Debug|Any CPU
		{9F7C12AD-039C-47CD-93EA-9DD9419325AA}.Debug|x86.Build.0 = Debug|Any CPU
		{9F7C12AD-039C-47CD-93EA-9DD9419325AA}.Release|Any CPU.ActiveCfg = Release|Any CPU
		{9F7C12AD-039C-47CD-93EA-9DD9419325AA}.Release|Any CPU.Build.0 = Release|Any CPU
		{9F7C12AD-039C-47CD-93EA-9DD9419325AA}.Release|x64.ActiveCfg = Release|Any CPU
		{9F7C12AD-039C-47CD-93EA-9DD9419325AA}.Release|x64.Build.0 = Release|Any CPU
		{9F7C12AD-039C-47CD-93EA-9DD9419325AA}.Release|x86.ActiveCfg = Release|Any CPU
		{9F7C12AD-039C-47CD-93EA-9DD9419325AA}.Release|x86.Build.0 = Release|Any CPU
		{A7E355B9-3A47-4B06-B690-FD7330CBF230}.Debug|Any CPU.ActiveCfg = Debug|Any CPU
		{A7E355B9-3A47-4B06-B690-FD7330CBF230}.Debug|Any CPU.Build.0 = Debug|Any CPU
		{A7E355B9-3A47-4B06-B690-FD7330CBF230}.Debug|x64.ActiveCfg = Debug|Any CPU
		{A7E355B9-3A47-4B06-B690-FD7330CBF230}.Debug|x64.Build.0 = Debug|Any CPU
		{A7E355B9-3A47-4B06-B690-FD7330CBF230}.Debug|x86.ActiveCfg = Debug|Any CPU
		{A7E355B9-3A47-4B06-B690-FD7330CBF230}.Debug|x86.Build.0 = Debug|Any CPU
		{A7E355B9-3A47-4B06-B690-FD7330CBF230}.Release|Any CPU.ActiveCfg = Release|Any CPU
		{A7E355B9-3A47-4B06-B690-FD7330CBF230}.Release|Any CPU.Build.0 = Release|Any CPU
		{A7E355B9-3A47-4B06-B690-FD7330CBF230}.Release|x64.ActiveCfg = Release|Any CPU
		{A7E355B9-3A47-4B06-B690-FD7330CBF230}.Release|x64.Build.0 = Release|Any CPU
		{A7E355B9-3A47-4B06-B690-FD7330CBF230}.Release|x86.ActiveCfg = Release|Any CPU
		{A7E355B9-3A47-4B06-B690-FD7330CBF230}.Release|x86.Build.0 = Release|Any CPU
		{C89A4230-DF80-445D-8C92-E1F3A2FCCC61}.Debug|Any CPU.ActiveCfg = Debug|Any CPU
		{C89A4230-DF80-445D-8C92-E1F3A2FCCC61}.Debug|Any CPU.Build.0 = Debug|Any CPU
		{C89A4230-DF80-445D-8C92-E1F3A2FCCC61}.Debug|x64.ActiveCfg = Debug|Any CPU
		{C89A4230-DF80-445D-8C92-E1F3A2FCCC61}.Debug|x64.Build.0 = Debug|Any CPU
		{C89A4230-DF80-445D-8C92-E1F3A2FCCC61}.Debug|x86.ActiveCfg = Debug|Any CPU
		{C89A4230-DF80-445D-8C92-E1F3A2FCCC61}.Debug|x86.Build.0 = Debug|Any CPU
		{C89A4230-DF80-445D-8C92-E1F3A2FCCC61}.Release|Any CPU.ActiveCfg = Release|Any CPU
		{C89A4230-DF80-445D-8C92-E1F3A2FCCC61}.Release|Any CPU.Build.0 = Release|Any CPU
		{C89A4230-DF80-445D-8C92-E1F3A2FCCC61}.Release|x64.ActiveCfg = Release|Any CPU
		{C89A4230-DF80-445D-8C92-E1F3A2FCCC61}.Release|x64.Build.0 = Release|Any CPU
		{C89A4230-DF80-445D-8C92-E1F3A2FCCC61}.Release|x86.ActiveCfg = Release|Any CPU
		{C89A4230-DF80-445D-8C92-E1F3A2FCCC61}.Release|x86.Build.0 = Release|Any CPU
		{0DB321E0-C8F6-439F-B6E4-88261107C063}.Debug|Any CPU.ActiveCfg = Debug|Any CPU
		{0DB321E0-C8F6-439F-B6E4-88261107C063}.Debug|Any CPU.Build.0 = Debug|Any CPU
		{0DB321E0-C8F6-439F-B6E4-88261107C063}.Debug|x64.ActiveCfg = Debug|Any CPU
		{0DB321E0-C8F6-439F-B6E4-88261107C063}.Debug|x64.Build.0 = Debug|Any CPU
		{0DB321E0-C8F6-439F-B6E4-88261107C063}.Debug|x86.ActiveCfg = Debug|Any CPU
		{0DB321E0-C8F6-439F-B6E4-88261107C063}.Debug|x86.Build.0 = Debug|Any CPU
		{0DB321E0-C8F6-439F-B6E4-88261107C063}.Release|Any CPU.ActiveCfg = Release|Any CPU
		{0DB321E0-C8F6-439F-B6E4-88261107C063}.Release|Any CPU.Build.0 = Release|Any CPU
		{0DB321E0-C8F6-439F-B6E4-88261107C063}.Release|x64.ActiveCfg = Release|Any CPU
		{0DB321E0-C8F6-439F-B6E4-88261107C063}.Release|x64.Build.0 = Release|Any CPU
		{0DB321E0-C8F6-439F-B6E4-88261107C063}.Release|x86.ActiveCfg = Release|Any CPU
		{0DB321E0-C8F6-439F-B6E4-88261107C063}.Release|x86.Build.0 = Release|Any CPU
		{ABAF70CB-BE6B-4E27-8B31-27FAA826CB25}.Debug|Any CPU.ActiveCfg = Debug|Any CPU
		{ABAF70CB-BE6B-4E27-8B31-27FAA826CB25}.Debug|Any CPU.Build.0 = Debug|Any CPU
		{ABAF70CB-BE6B-4E27-8B31-27FAA826CB25}.Debug|x64.ActiveCfg = Debug|Any CPU
		{ABAF70CB-BE6B-4E27-8B31-27FAA826CB25}.Debug|x64.Build.0 = Debug|Any CPU
		{ABAF70CB-BE6B-4E27-8B31-27FAA826CB25}.Debug|x86.ActiveCfg = Debug|Any CPU
		{ABAF70CB-BE6B-4E27-8B31-27FAA826CB25}.Debug|x86.Build.0 = Debug|Any CPU
		{ABAF70CB-BE6B-4E27-8B31-27FAA826CB25}.Release|Any CPU.ActiveCfg = Release|Any CPU
		{ABAF70CB-BE6B-4E27-8B31-27FAA826CB25}.Release|Any CPU.Build.0 = Release|Any CPU
		{ABAF70CB-BE6B-4E27-8B31-27FAA826CB25}.Release|x64.ActiveCfg = Release|Any CPU
		{ABAF70CB-BE6B-4E27-8B31-27FAA826CB25}.Release|x64.Build.0 = Release|Any CPU
		{ABAF70CB-BE6B-4E27-8B31-27FAA826CB25}.Release|x86.ActiveCfg = Release|Any CPU
		{ABAF70CB-BE6B-4E27-8B31-27FAA826CB25}.Release|x86.Build.0 = Release|Any CPU
		{A1176BD0-0B9B-46F7-86AA-94C0910A8DBF}.Debug|Any CPU.ActiveCfg = Debug|Any CPU
		{A1176BD0-0B9B-46F7-86AA-94C0910A8DBF}.Debug|Any CPU.Build.0 = Debug|Any CPU
		{A1176BD0-0B9B-46F7-86AA-94C0910A8DBF}.Debug|x64.ActiveCfg = Debug|Any CPU
		{A1176BD0-0B9B-46F7-86AA-94C0910A8DBF}.Debug|x64.Build.0 = Debug|Any CPU
		{A1176BD0-0B9B-46F7-86AA-94C0910A8DBF}.Debug|x86.ActiveCfg = Debug|Any CPU
		{A1176BD0-0B9B-46F7-86AA-94C0910A8DBF}.Debug|x86.Build.0 = Debug|Any CPU
		{A1176BD0-0B9B-46F7-86AA-94C0910A8DBF}.Release|Any CPU.ActiveCfg = Release|Any CPU
		{A1176BD0-0B9B-46F7-86AA-94C0910A8DBF}.Release|Any CPU.Build.0 = Release|Any CPU
		{A1176BD0-0B9B-46F7-86AA-94C0910A8DBF}.Release|x64.ActiveCfg = Release|Any CPU
		{A1176BD0-0B9B-46F7-86AA-94C0910A8DBF}.Release|x64.Build.0 = Release|Any CPU
		{A1176BD0-0B9B-46F7-86AA-94C0910A8DBF}.Release|x86.ActiveCfg = Release|Any CPU
		{A1176BD0-0B9B-46F7-86AA-94C0910A8DBF}.Release|x86.Build.0 = Release|Any CPU
		{114F866F-7758-4311-B137-929D03B1ABFF}.Debug|Any CPU.ActiveCfg = Debug|Any CPU
		{114F866F-7758-4311-B137-929D03B1ABFF}.Debug|Any CPU.Build.0 = Debug|Any CPU
		{114F866F-7758-4311-B137-929D03B1ABFF}.Debug|x64.ActiveCfg = Debug|Any CPU
		{114F866F-7758-4311-B137-929D03B1ABFF}.Debug|x64.Build.0 = Debug|Any CPU
		{114F866F-7758-4311-B137-929D03B1ABFF}.Debug|x86.ActiveCfg = Debug|Any CPU
		{114F866F-7758-4311-B137-929D03B1ABFF}.Debug|x86.Build.0 = Debug|Any CPU
		{114F866F-7758-4311-B137-929D03B1ABFF}.Release|Any CPU.ActiveCfg = Release|Any CPU
		{114F866F-7758-4311-B137-929D03B1ABFF}.Release|Any CPU.Build.0 = Release|Any CPU
		{114F866F-7758-4311-B137-929D03B1ABFF}.Release|x64.ActiveCfg = Release|Any CPU
		{114F866F-7758-4311-B137-929D03B1ABFF}.Release|x64.Build.0 = Release|Any CPU
		{114F866F-7758-4311-B137-929D03B1ABFF}.Release|x86.ActiveCfg = Release|Any CPU
		{114F866F-7758-4311-B137-929D03B1ABFF}.Release|x86.Build.0 = Release|Any CPU
		{F049A3E7-D628-4FC1-A1B8-63BCE3012FA5}.Debug|Any CPU.ActiveCfg = Debug|Any CPU
		{F049A3E7-D628-4FC1-A1B8-63BCE3012FA5}.Debug|Any CPU.Build.0 = Debug|Any CPU
		{F049A3E7-D628-4FC1-A1B8-63BCE3012FA5}.Debug|x64.ActiveCfg = Debug|Any CPU
		{F049A3E7-D628-4FC1-A1B8-63BCE3012FA5}.Debug|x64.Build.0 = Debug|Any CPU
		{F049A3E7-D628-4FC1-A1B8-63BCE3012FA5}.Debug|x86.ActiveCfg = Debug|Any CPU
		{F049A3E7-D628-4FC1-A1B8-63BCE3012FA5}.Debug|x86.Build.0 = Debug|Any CPU
		{F049A3E7-D628-4FC1-A1B8-63BCE3012FA5}.Release|Any CPU.ActiveCfg = Release|Any CPU
		{F049A3E7-D628-4FC1-A1B8-63BCE3012FA5}.Release|Any CPU.Build.0 = Release|Any CPU
		{F049A3E7-D628-4FC1-A1B8-63BCE3012FA5}.Release|x64.ActiveCfg = Release|Any CPU
		{F049A3E7-D628-4FC1-A1B8-63BCE3012FA5}.Release|x64.Build.0 = Release|Any CPU
		{F049A3E7-D628-4FC1-A1B8-63BCE3012FA5}.Release|x86.ActiveCfg = Release|Any CPU
		{F049A3E7-D628-4FC1-A1B8-63BCE3012FA5}.Release|x86.Build.0 = Release|Any CPU
	EndGlobalSection
	GlobalSection(SolutionProperties) = preSolution
		HideSolutionNode = FALSE
	EndGlobalSection
	GlobalSection(NestedProjects) = preSolution
		{05C3029C-B53A-4D07-B555-2541A60C488A} = {F168BF0D-672C-4AF1-BD36-9A78EB7D64C0}
		{9F7C12AD-039C-47CD-93EA-9DD9419325AA} = {F168BF0D-672C-4AF1-BD36-9A78EB7D64C0}
		{A7E355B9-3A47-4B06-B690-FD7330CBF230} = {F168BF0D-672C-4AF1-BD36-9A78EB7D64C0}
		{C89A4230-DF80-445D-8C92-E1F3A2FCCC61} = {F168BF0D-672C-4AF1-BD36-9A78EB7D64C0}
		{0DB321E0-C8F6-439F-B6E4-88261107C063} = {F168BF0D-672C-4AF1-BD36-9A78EB7D64C0}
		{ABAF70CB-BE6B-4E27-8B31-27FAA826CB25} = {F168BF0D-672C-4AF1-BD36-9A78EB7D64C0}
		{A1176BD0-0B9B-46F7-86AA-94C0910A8DBF} = {F168BF0D-672C-4AF1-BD36-9A78EB7D64C0}
		{F049A3E7-D628-4FC1-A1B8-63BCE3012FA5} = {F168BF0D-672C-4AF1-BD36-9A78EB7D64C0}
	EndGlobalSection
	GlobalSection(ExtensibilityGlobals) = postSolution
		SolutionGuid = {13DEE6AA-C76C-4345-A504-FAFC17316D4A}
	EndGlobalSection
EndGlobal
