
Microsoft Visual Studio Solution File, Format Version 12.00
# Visual Studio Version 16
VisualStudioVersion = 16.0.29215.179
MinimumVisualStudioVersion = 10.0.40219.1
Project("{FAE04EC0-301F-11D3-BF4B-00C04F79EFBC}") = "ShellServer", "ShellServer\ShellServer.csproj", "{36656368-79EB-4F93-8084-CA251D084737}"
	ProjectSection(ProjectDependencies) = postProject
		{C49326B8-6EEA-427D-AE08-FFC57922602D} = {C49326B8-6EEA-427D-AE08-FFC57922602D}
	EndProjectSection
EndProject
Project("{FAE04EC0-301F-11D3-BF4B-00C04F79EFBC}") = "Language", "Language\Language.csproj", "{2FC7DE5D-80F9-469B-BC19-FDCA26BE792E}"
EndProject
Project("{FAE04EC0-301F-11D3-BF4B-00C04F79EFBC}") = "StartService", "StartService\StartService.csproj", "{5617484E-1443-4D89-9567-8D4B57F2E6EF}"
EndProject
Project("{FAE04EC0-301F-11D3-BF4B-00C04F79EFBC}") = "StopService", "StopService\StopService.csproj", "{FB41A6F8-DEF4-4050-B925-672E353085C3}"
EndProject
Project("{FAE04EC0-301F-11D3-BF4B-00C04F79EFBC}") = "Common", "Common\Common.csproj", "{DE033B3B-909F-4682-A5B9-FE8AD6D86D9C}"
EndProject
Project("{930C7802-8A8C-48F9-8165-68863BCCD9DD}") = "Installer", "Installer\Installer.wixproj", "{E7E0AE22-0A75-417E-950A-21258F5A737A}"
EndProject
Project("{FAE04EC0-301F-11D3-BF4B-00C04F79EFBC}") = "ServiceManager", "ServiceManager\ServiceManager.csproj", "{114F866F-7758-4311-B137-929D03B1ABFF}"
EndProject
Project("{FAE04EC0-301F-11D3-BF4B-00C04F79EFBC}") = "ServerManager", "ServerManager\ServerManager.csproj", "{4578DACF-3AF2-4D7F-A105-3A310DBDA66F}"
EndProject
Project("{FAE04EC0-301F-11D3-BF4B-00C04F79EFBC}") = "Service", "Service\Service.csproj", "{F7BA5331-F124-4CC3-A3A7-1A9208135088}"
EndProject
Project("{FAE04EC0-301F-11D3-BF4B-00C04F79EFBC}") = "ContextMenu", "ContextMenu\ContextMenu.csproj", "{9A2C94F7-E563-451F-B319-8053B4721DE0}"
EndProject
Project("{FAE04EC0-301F-11D3-BF4B-00C04F79EFBC}") = "StartServer", "StartServer\StartServer.csproj", "{435A8B4C-2D65-41D8-A0E5-25A7F5D86640}"
	ProjectSection(ProjectDependencies) = postProject
		{5617484E-1443-4D89-9567-8D4B57F2E6EF} = {5617484E-1443-4D89-9567-8D4B57F2E6EF}
	EndProjectSection
EndProject
Project("{FAE04EC0-301F-11D3-BF4B-00C04F79EFBC}") = "StopServer", "StopServer\StopServer.csproj", "{523BAC8C-5698-4A4A-8E19-5BCD3FE0E75C}"
	ProjectSection(ProjectDependencies) = postProject
		{FB41A6F8-DEF4-4050-B925-672E353085C3} = {FB41A6F8-DEF4-4050-B925-672E353085C3}
	EndProjectSection
EndProject
Project("{FAE04EC0-301F-11D3-BF4B-00C04F79EFBC}") = "Settings", "Settings\Settings.csproj", "{3901588F-9F58-436D-B589-B2C92E451AD7}"
EndProject
Project("{FAE04EC0-301F-11D3-BF4B-00C04F79EFBC}") = "MenuWatcher", "MenuWatcher\MenuWatcher.csproj", "{C9FA5DBF-B0C3-40C7-A466-1659A05AC702}"
EndProject
Global
	GlobalSection(SolutionConfigurationPlatforms) = preSolution
		Debug|Any CPU = Debug|Any CPU
		Debug|x64 = Debug|x64
		Debug|x86 = Debug|x86
		Debug64|Any CPU = Debug64|Any CPU
		Debug64|x64 = Debug64|x64
		Debug64|x86 = Debug64|x86
		Release|Any CPU = Release|Any CPU
		Release|x64 = Release|x64
		Release|x86 = Release|x86
	EndGlobalSection
	GlobalSection(ProjectConfigurationPlatforms) = postSolution
		{36656368-79EB-4F93-8084-CA251D084737}.Debug|Any CPU.ActiveCfg = Debug|Any CPU
		{36656368-79EB-4F93-8084-CA251D084737}.Debug|Any CPU.Build.0 = Debug|Any CPU
		{36656368-79EB-4F93-8084-CA251D084737}.Debug|x64.ActiveCfg = Debug|Any CPU
		{36656368-79EB-4F93-8084-CA251D084737}.Debug|x64.Build.0 = Debug|Any CPU
		{36656368-79EB-4F93-8084-CA251D084737}.Debug|x86.ActiveCfg = Debug|Any CPU
		{36656368-79EB-4F93-8084-CA251D084737}.Debug|x86.Build.0 = Debug|Any CPU
		{36656368-79EB-4F93-8084-CA251D084737}.Debug64|Any CPU.ActiveCfg = Debug64|Any CPU
		{36656368-79EB-4F93-8084-CA251D084737}.Debug64|Any CPU.Build.0 = Debug64|Any CPU
		{36656368-79EB-4F93-8084-CA251D084737}.Debug64|x64.ActiveCfg = Debug64|Any CPU
		{36656368-79EB-4F93-8084-CA251D084737}.Debug64|x64.Build.0 = Debug64|Any CPU
		{36656368-79EB-4F93-8084-CA251D084737}.Debug64|x86.ActiveCfg = Debug64|Any CPU
		{36656368-79EB-4F93-8084-CA251D084737}.Debug64|x86.Build.0 = Debug64|Any CPU
		{36656368-79EB-4F93-8084-CA251D084737}.Release|Any CPU.ActiveCfg = Release|Any CPU
		{36656368-79EB-4F93-8084-CA251D084737}.Release|Any CPU.Build.0 = Release|Any CPU
		{36656368-79EB-4F93-8084-CA251D084737}.Release|x64.ActiveCfg = Release|Any CPU
		{36656368-79EB-4F93-8084-CA251D084737}.Release|x64.Build.0 = Release|Any CPU
		{36656368-79EB-4F93-8084-CA251D084737}.Release|x86.ActiveCfg = Release|Any CPU
		{36656368-79EB-4F93-8084-CA251D084737}.Release|x86.Build.0 = Release|Any CPU
		{2FC7DE5D-80F9-469B-BC19-FDCA26BE792E}.Debug|Any CPU.ActiveCfg = Debug|Any CPU
		{2FC7DE5D-80F9-469B-BC19-FDCA26BE792E}.Debug|Any CPU.Build.0 = Debug|Any CPU
		{2FC7DE5D-80F9-469B-BC19-FDCA26BE792E}.Debug|x64.ActiveCfg = Debug|Any CPU
		{2FC7DE5D-80F9-469B-BC19-FDCA26BE792E}.Debug|x64.Build.0 = Debug|Any CPU
		{2FC7DE5D-80F9-469B-BC19-FDCA26BE792E}.Debug|x86.ActiveCfg = Debug|Any CPU
		{2FC7DE5D-80F9-469B-BC19-FDCA26BE792E}.Debug|x86.Build.0 = Debug|Any CPU
		{2FC7DE5D-80F9-469B-BC19-FDCA26BE792E}.Debug64|Any CPU.ActiveCfg = Debug|Any CPU
		{2FC7DE5D-80F9-469B-BC19-FDCA26BE792E}.Debug64|Any CPU.Build.0 = Debug|Any CPU
		{2FC7DE5D-80F9-469B-BC19-FDCA26BE792E}.Debug64|x64.ActiveCfg = Debug|Any CPU
		{2FC7DE5D-80F9-469B-BC19-FDCA26BE792E}.Debug64|x64.Build.0 = Debug|Any CPU
		{2FC7DE5D-80F9-469B-BC19-FDCA26BE792E}.Debug64|x86.ActiveCfg = Debug|Any CPU
		{2FC7DE5D-80F9-469B-BC19-FDCA26BE792E}.Debug64|x86.Build.0 = Debug|Any CPU
		{2FC7DE5D-80F9-469B-BC19-FDCA26BE792E}.Release|Any CPU.ActiveCfg = Release|Any CPU
		{2FC7DE5D-80F9-469B-BC19-FDCA26BE792E}.Release|Any CPU.Build.0 = Release|Any CPU
		{2FC7DE5D-80F9-469B-BC19-FDCA26BE792E}.Release|x64.ActiveCfg = Release|Any CPU
		{2FC7DE5D-80F9-469B-BC19-FDCA26BE792E}.Release|x64.Build.0 = Release|Any CPU
		{2FC7DE5D-80F9-469B-BC19-FDCA26BE792E}.Release|x86.ActiveCfg = Release|Any CPU
		{2FC7DE5D-80F9-469B-BC19-FDCA26BE792E}.Release|x86.Build.0 = Release|Any CPU
		{5617484E-1443-4D89-9567-8D4B57F2E6EF}.Debug|Any CPU.ActiveCfg = Debug|Any CPU
		{5617484E-1443-4D89-9567-8D4B57F2E6EF}.Debug|Any CPU.Build.0 = Debug|Any CPU
		{5617484E-1443-4D89-9567-8D4B57F2E6EF}.Debug|x64.ActiveCfg = Debug|Any CPU
		{5617484E-1443-4D89-9567-8D4B57F2E6EF}.Debug|x64.Build.0 = Debug|Any CPU
		{5617484E-1443-4D89-9567-8D4B57F2E6EF}.Debug|x86.ActiveCfg = Debug|Any CPU
		{5617484E-1443-4D89-9567-8D4B57F2E6EF}.Debug|x86.Build.0 = Debug|Any CPU
		{5617484E-1443-4D89-9567-8D4B57F2E6EF}.Debug64|Any CPU.ActiveCfg = Debug|Any CPU
		{5617484E-1443-4D89-9567-8D4B57F2E6EF}.Debug64|Any CPU.Build.0 = Debug|Any CPU
		{5617484E-1443-4D89-9567-8D4B57F2E6EF}.Debug64|x64.ActiveCfg = Debug|Any CPU
		{5617484E-1443-4D89-9567-8D4B57F2E6EF}.Debug64|x64.Build.0 = Debug|Any CPU
		{5617484E-1443-4D89-9567-8D4B57F2E6EF}.Debug64|x86.ActiveCfg = Debug|Any CPU
		{5617484E-1443-4D89-9567-8D4B57F2E6EF}.Debug64|x86.Build.0 = Debug|Any CPU
		{5617484E-1443-4D89-9567-8D4B57F2E6EF}.Release|Any CPU.ActiveCfg = Release|Any CPU
		{5617484E-1443-4D89-9567-8D4B57F2E6EF}.Release|Any CPU.Build.0 = Release|Any CPU
		{5617484E-1443-4D89-9567-8D4B57F2E6EF}.Release|x64.ActiveCfg = Release|Any CPU
		{5617484E-1443-4D89-9567-8D4B57F2E6EF}.Release|x64.Build.0 = Release|Any CPU
		{5617484E-1443-4D89-9567-8D4B57F2E6EF}.Release|x86.ActiveCfg = Release|Any CPU
		{5617484E-1443-4D89-9567-8D4B57F2E6EF}.Release|x86.Build.0 = Release|Any CPU
		{FB41A6F8-DEF4-4050-B925-672E353085C3}.Debug|Any CPU.ActiveCfg = Debug|Any CPU
		{FB41A6F8-DEF4-4050-B925-672E353085C3}.Debug|Any CPU.Build.0 = Debug|Any CPU
		{FB41A6F8-DEF4-4050-B925-672E353085C3}.Debug|x64.ActiveCfg = Debug|Any CPU
		{FB41A6F8-DEF4-4050-B925-672E353085C3}.Debug|x64.Build.0 = Debug|Any CPU
		{FB41A6F8-DEF4-4050-B925-672E353085C3}.Debug|x86.ActiveCfg = Debug|Any CPU
		{FB41A6F8-DEF4-4050-B925-672E353085C3}.Debug|x86.Build.0 = Debug|Any CPU
		{FB41A6F8-DEF4-4050-B925-672E353085C3}.Debug64|Any CPU.ActiveCfg = Debug|Any CPU
		{FB41A6F8-DEF4-4050-B925-672E353085C3}.Debug64|Any CPU.Build.0 = Debug|Any CPU
		{FB41A6F8-DEF4-4050-B925-672E353085C3}.Debug64|x64.ActiveCfg = Debug|Any CPU
		{FB41A6F8-DEF4-4050-B925-672E353085C3}.Debug64|x64.Build.0 = Debug|Any CPU
		{FB41A6F8-DEF4-4050-B925-672E353085C3}.Debug64|x86.ActiveCfg = Debug|Any CPU
		{FB41A6F8-DEF4-4050-B925-672E353085C3}.Debug64|x86.Build.0 = Debug|Any CPU
		{FB41A6F8-DEF4-4050-B925-672E353085C3}.Release|Any CPU.ActiveCfg = Release|Any CPU
		{FB41A6F8-DEF4-4050-B925-672E353085C3}.Release|Any CPU.Build.0 = Release|Any CPU
		{FB41A6F8-DEF4-4050-B925-672E353085C3}.Release|x64.ActiveCfg = Release|Any CPU
		{FB41A6F8-DEF4-4050-B925-672E353085C3}.Release|x64.Build.0 = Release|Any CPU
		{FB41A6F8-DEF4-4050-B925-672E353085C3}.Release|x86.ActiveCfg = Release|Any CPU
		{FB41A6F8-DEF4-4050-B925-672E353085C3}.Release|x86.Build.0 = Release|Any CPU
		{DE033B3B-909F-4682-A5B9-FE8AD6D86D9C}.Debug|Any CPU.ActiveCfg = Debug|Any CPU
		{DE033B3B-909F-4682-A5B9-FE8AD6D86D9C}.Debug|Any CPU.Build.0 = Debug|Any CPU
		{DE033B3B-909F-4682-A5B9-FE8AD6D86D9C}.Debug|x64.ActiveCfg = Debug|Any CPU
		{DE033B3B-909F-4682-A5B9-FE8AD6D86D9C}.Debug|x64.Build.0 = Debug|Any CPU
		{DE033B3B-909F-4682-A5B9-FE8AD6D86D9C}.Debug|x86.ActiveCfg = Debug|Any CPU
		{DE033B3B-909F-4682-A5B9-FE8AD6D86D9C}.Debug|x86.Build.0 = Debug|Any CPU
		{DE033B3B-909F-4682-A5B9-FE8AD6D86D9C}.Debug64|Any CPU.ActiveCfg = Debug|Any CPU
		{DE033B3B-909F-4682-A5B9-FE8AD6D86D9C}.Debug64|Any CPU.Build.0 = Debug|Any CPU
		{DE033B3B-909F-4682-A5B9-FE8AD6D86D9C}.Debug64|x64.ActiveCfg = Debug|Any CPU
		{DE033B3B-909F-4682-A5B9-FE8AD6D86D9C}.Debug64|x64.Build.0 = Debug|Any CPU
		{DE033B3B-909F-4682-A5B9-FE8AD6D86D9C}.Debug64|x86.ActiveCfg = Debug|Any CPU
		{DE033B3B-909F-4682-A5B9-FE8AD6D86D9C}.Debug64|x86.Build.0 = Debug|Any CPU
		{DE033B3B-909F-4682-A5B9-FE8AD6D86D9C}.Release|Any CPU.ActiveCfg = Release|Any CPU
		{DE033B3B-909F-4682-A5B9-FE8AD6D86D9C}.Release|Any CPU.Build.0 = Release|Any CPU
		{DE033B3B-909F-4682-A5B9-FE8AD6D86D9C}.Release|x64.ActiveCfg = Release|Any CPU
		{DE033B3B-909F-4682-A5B9-FE8AD6D86D9C}.Release|x64.Build.0 = Release|Any CPU
		{DE033B3B-909F-4682-A5B9-FE8AD6D86D9C}.Release|x86.ActiveCfg = Release|Any CPU
		{DE033B3B-909F-4682-A5B9-FE8AD6D86D9C}.Release|x86.Build.0 = Release|Any CPU
		{E7E0AE22-0A75-417E-950A-21258F5A737A}.Debug|Any CPU.ActiveCfg = Debug|x86
		{E7E0AE22-0A75-417E-950A-21258F5A737A}.Debug|Any CPU.Build.0 = Debug|x86
		{E7E0AE22-0A75-417E-950A-21258F5A737A}.Debug|x64.ActiveCfg = Debug|x64
		{E7E0AE22-0A75-417E-950A-21258F5A737A}.Debug|x86.ActiveCfg = Debug|x86
		{E7E0AE22-0A75-417E-950A-21258F5A737A}.Debug64|Any CPU.ActiveCfg = Release|x64
		{E7E0AE22-0A75-417E-950A-21258F5A737A}.Debug64|Any CPU.Build.0 = Release|x64
		{E7E0AE22-0A75-417E-950A-21258F5A737A}.Debug64|x64.ActiveCfg = Debug|x64
		{E7E0AE22-0A75-417E-950A-21258F5A737A}.Debug64|x64.Build.0 = Debug|x64
		{E7E0AE22-0A75-417E-950A-21258F5A737A}.Debug64|x86.ActiveCfg = Debug|x86
		{E7E0AE22-0A75-417E-950A-21258F5A737A}.Debug64|x86.Build.0 = Debug|x86
		{E7E0AE22-0A75-417E-950A-21258F5A737A}.Release|Any CPU.ActiveCfg = Release|x86
		{E7E0AE22-0A75-417E-950A-21258F5A737A}.Release|x64.ActiveCfg = Release|x64
		{E7E0AE22-0A75-417E-950A-21258F5A737A}.Release|x86.ActiveCfg = Release|x86
		{114F866F-7758-4311-B137-929D03B1ABFF}.Debug|Any CPU.ActiveCfg = Debug|Any CPU
		{114F866F-7758-4311-B137-929D03B1ABFF}.Debug|Any CPU.Build.0 = Debug|Any CPU
		{114F866F-7758-4311-B137-929D03B1ABFF}.Debug|x64.ActiveCfg = Debug|Any CPU
		{114F866F-7758-4311-B137-929D03B1ABFF}.Debug|x64.Build.0 = Debug|Any CPU
		{114F866F-7758-4311-B137-929D03B1ABFF}.Debug|x86.ActiveCfg = Debug|Any CPU
		{114F866F-7758-4311-B137-929D03B1ABFF}.Debug|x86.Build.0 = Debug|Any CPU
		{114F866F-7758-4311-B137-929D03B1ABFF}.Debug64|Any CPU.ActiveCfg = Debug|Any CPU
		{114F866F-7758-4311-B137-929D03B1ABFF}.Debug64|Any CPU.Build.0 = Debug|Any CPU
		{114F866F-7758-4311-B137-929D03B1ABFF}.Debug64|x64.ActiveCfg = Debug|Any CPU
		{114F866F-7758-4311-B137-929D03B1ABFF}.Debug64|x64.Build.0 = Debug|Any CPU
		{114F866F-7758-4311-B137-929D03B1ABFF}.Debug64|x86.ActiveCfg = Debug|Any CPU
		{114F866F-7758-4311-B137-929D03B1ABFF}.Debug64|x86.Build.0 = Debug|Any CPU
		{114F866F-7758-4311-B137-929D03B1ABFF}.Release|Any CPU.ActiveCfg = Release|Any CPU
		{114F866F-7758-4311-B137-929D03B1ABFF}.Release|Any CPU.Build.0 = Release|Any CPU
		{114F866F-7758-4311-B137-929D03B1ABFF}.Release|x64.ActiveCfg = Release|Any CPU
		{114F866F-7758-4311-B137-929D03B1ABFF}.Release|x64.Build.0 = Release|Any CPU
		{114F866F-7758-4311-B137-929D03B1ABFF}.Release|x86.ActiveCfg = Release|Any CPU
		{114F866F-7758-4311-B137-929D03B1ABFF}.Release|x86.Build.0 = Release|Any CPU
		{4578DACF-3AF2-4D7F-A105-3A310DBDA66F}.Debug|Any CPU.ActiveCfg = Debug|Any CPU
		{4578DACF-3AF2-4D7F-A105-3A310DBDA66F}.Debug|Any CPU.Build.0 = Debug|Any CPU
		{4578DACF-3AF2-4D7F-A105-3A310DBDA66F}.Debug|x64.ActiveCfg = Debug|Any CPU
		{4578DACF-3AF2-4D7F-A105-3A310DBDA66F}.Debug|x64.Build.0 = Debug|Any CPU
		{4578DACF-3AF2-4D7F-A105-3A310DBDA66F}.Debug|x86.ActiveCfg = Debug|Any CPU
		{4578DACF-3AF2-4D7F-A105-3A310DBDA66F}.Debug|x86.Build.0 = Debug|Any CPU
		{4578DACF-3AF2-4D7F-A105-3A310DBDA66F}.Debug64|Any CPU.ActiveCfg = Debug|Any CPU
		{4578DACF-3AF2-4D7F-A105-3A310DBDA66F}.Debug64|Any CPU.Build.0 = Debug|Any CPU
		{4578DACF-3AF2-4D7F-A105-3A310DBDA66F}.Debug64|x64.ActiveCfg = Debug|Any CPU
		{4578DACF-3AF2-4D7F-A105-3A310DBDA66F}.Debug64|x64.Build.0 = Debug|Any CPU
		{4578DACF-3AF2-4D7F-A105-3A310DBDA66F}.Debug64|x86.ActiveCfg = Debug|Any CPU
		{4578DACF-3AF2-4D7F-A105-3A310DBDA66F}.Debug64|x86.Build.0 = Debug|Any CPU
		{4578DACF-3AF2-4D7F-A105-3A310DBDA66F}.Release|Any CPU.ActiveCfg = Release|Any CPU
		{4578DACF-3AF2-4D7F-A105-3A310DBDA66F}.Release|Any CPU.Build.0 = Release|Any CPU
		{4578DACF-3AF2-4D7F-A105-3A310DBDA66F}.Release|x64.ActiveCfg = Release|Any CPU
		{4578DACF-3AF2-4D7F-A105-3A310DBDA66F}.Release|x64.Build.0 = Release|Any CPU
		{4578DACF-3AF2-4D7F-A105-3A310DBDA66F}.Release|x86.ActiveCfg = Release|Any CPU
		{4578DACF-3AF2-4D7F-A105-3A310DBDA66F}.Release|x86.Build.0 = Release|Any CPU
		{F7BA5331-F124-4CC3-A3A7-1A9208135088}.Debug|Any CPU.ActiveCfg = Debug|Any CPU
		{F7BA5331-F124-4CC3-A3A7-1A9208135088}.Debug|Any CPU.Build.0 = Debug|Any CPU
		{F7BA5331-F124-4CC3-A3A7-1A9208135088}.Debug|x64.ActiveCfg = Debug|Any CPU
		{F7BA5331-F124-4CC3-A3A7-1A9208135088}.Debug|x64.Build.0 = Debug|Any CPU
		{F7BA5331-F124-4CC3-A3A7-1A9208135088}.Debug|x86.ActiveCfg = Debug|Any CPU
		{F7BA5331-F124-4CC3-A3A7-1A9208135088}.Debug|x86.Build.0 = Debug|Any CPU
		{F7BA5331-F124-4CC3-A3A7-1A9208135088}.Debug64|Any CPU.ActiveCfg = Debug|Any CPU
		{F7BA5331-F124-4CC3-A3A7-1A9208135088}.Debug64|Any CPU.Build.0 = Debug|Any CPU
		{F7BA5331-F124-4CC3-A3A7-1A9208135088}.Debug64|x64.ActiveCfg = Debug|Any CPU
		{F7BA5331-F124-4CC3-A3A7-1A9208135088}.Debug64|x64.Build.0 = Debug|Any CPU
		{F7BA5331-F124-4CC3-A3A7-1A9208135088}.Debug64|x86.ActiveCfg = Debug|Any CPU
		{F7BA5331-F124-4CC3-A3A7-1A9208135088}.Debug64|x86.Build.0 = Debug|Any CPU
		{F7BA5331-F124-4CC3-A3A7-1A9208135088}.Release|Any CPU.ActiveCfg = Release|Any CPU
		{F7BA5331-F124-4CC3-A3A7-1A9208135088}.Release|Any CPU.Build.0 = Release|Any CPU
		{F7BA5331-F124-4CC3-A3A7-1A9208135088}.Release|x64.ActiveCfg = Release|Any CPU
		{F7BA5331-F124-4CC3-A3A7-1A9208135088}.Release|x64.Build.0 = Release|Any CPU
		{F7BA5331-F124-4CC3-A3A7-1A9208135088}.Release|x86.ActiveCfg = Release|Any CPU
		{F7BA5331-F124-4CC3-A3A7-1A9208135088}.Release|x86.Build.0 = Release|Any CPU
		{9A2C94F7-E563-451F-B319-8053B4721DE0}.Debug|Any CPU.ActiveCfg = Debug|Any CPU
		{9A2C94F7-E563-451F-B319-8053B4721DE0}.Debug|Any CPU.Build.0 = Debug|Any CPU
		{9A2C94F7-E563-451F-B319-8053B4721DE0}.Debug|x64.ActiveCfg = Debug|Any CPU
		{9A2C94F7-E563-451F-B319-8053B4721DE0}.Debug|x64.Build.0 = Debug|Any CPU
		{9A2C94F7-E563-451F-B319-8053B4721DE0}.Debug|x86.ActiveCfg = Debug|Any CPU
		{9A2C94F7-E563-451F-B319-8053B4721DE0}.Debug|x86.Build.0 = Debug|Any CPU
		{9A2C94F7-E563-451F-B319-8053B4721DE0}.Debug64|Any CPU.ActiveCfg = Debug|Any CPU
		{9A2C94F7-E563-451F-B319-8053B4721DE0}.Debug64|Any CPU.Build.0 = Debug|Any CPU
		{9A2C94F7-E563-451F-B319-8053B4721DE0}.Debug64|x64.ActiveCfg = Debug|Any CPU
		{9A2C94F7-E563-451F-B319-8053B4721DE0}.Debug64|x64.Build.0 = Debug|Any CPU
		{9A2C94F7-E563-451F-B319-8053B4721DE0}.Debug64|x86.ActiveCfg = Debug|Any CPU
		{9A2C94F7-E563-451F-B319-8053B4721DE0}.Debug64|x86.Build.0 = Debug|Any CPU
		{9A2C94F7-E563-451F-B319-8053B4721DE0}.Release|Any CPU.ActiveCfg = Release|Any CPU
		{9A2C94F7-E563-451F-B319-8053B4721DE0}.Release|Any CPU.Build.0 = Release|Any CPU
		{9A2C94F7-E563-451F-B319-8053B4721DE0}.Release|x64.ActiveCfg = Release|Any CPU
		{9A2C94F7-E563-451F-B319-8053B4721DE0}.Release|x64.Build.0 = Release|Any CPU
		{9A2C94F7-E563-451F-B319-8053B4721DE0}.Release|x86.ActiveCfg = Release|Any CPU
		{9A2C94F7-E563-451F-B319-8053B4721DE0}.Release|x86.Build.0 = Release|Any CPU
		{435A8B4C-2D65-41D8-A0E5-25A7F5D86640}.Debug|Any CPU.ActiveCfg = Debug|Any CPU
		{435A8B4C-2D65-41D8-A0E5-25A7F5D86640}.Debug|Any CPU.Build.0 = Debug|Any CPU
		{435A8B4C-2D65-41D8-A0E5-25A7F5D86640}.Debug|x64.ActiveCfg = Debug|Any CPU
		{435A8B4C-2D65-41D8-A0E5-25A7F5D86640}.Debug|x64.Build.0 = Debug|Any CPU
		{435A8B4C-2D65-41D8-A0E5-25A7F5D86640}.Debug|x86.ActiveCfg = Debug|Any CPU
		{435A8B4C-2D65-41D8-A0E5-25A7F5D86640}.Debug|x86.Build.0 = Debug|Any CPU
		{435A8B4C-2D65-41D8-A0E5-25A7F5D86640}.Debug64|Any CPU.ActiveCfg = Debug|Any CPU
		{435A8B4C-2D65-41D8-A0E5-25A7F5D86640}.Debug64|Any CPU.Build.0 = Debug|Any CPU
		{435A8B4C-2D65-41D8-A0E5-25A7F5D86640}.Debug64|x64.ActiveCfg = Debug|Any CPU
		{435A8B4C-2D65-41D8-A0E5-25A7F5D86640}.Debug64|x64.Build.0 = Debug|Any CPU
		{435A8B4C-2D65-41D8-A0E5-25A7F5D86640}.Debug64|x86.ActiveCfg = Debug|Any CPU
		{435A8B4C-2D65-41D8-A0E5-25A7F5D86640}.Debug64|x86.Build.0 = Debug|Any CPU
		{435A8B4C-2D65-41D8-A0E5-25A7F5D86640}.Release|Any CPU.ActiveCfg = Release|Any CPU
		{435A8B4C-2D65-41D8-A0E5-25A7F5D86640}.Release|Any CPU.Build.0 = Release|Any CPU
		{435A8B4C-2D65-41D8-A0E5-25A7F5D86640}.Release|x64.ActiveCfg = Release|Any CPU
		{435A8B4C-2D65-41D8-A0E5-25A7F5D86640}.Release|x64.Build.0 = Release|Any CPU
		{435A8B4C-2D65-41D8-A0E5-25A7F5D86640}.Release|x86.ActiveCfg = Release|Any CPU
		{435A8B4C-2D65-41D8-A0E5-25A7F5D86640}.Release|x86.Build.0 = Release|Any CPU
		{523BAC8C-5698-4A4A-8E19-5BCD3FE0E75C}.Debug|Any CPU.ActiveCfg = Debug|Any CPU
		{523BAC8C-5698-4A4A-8E19-5BCD3FE0E75C}.Debug|Any CPU.Build.0 = Debug|Any CPU
		{523BAC8C-5698-4A4A-8E19-5BCD3FE0E75C}.Debug|x64.ActiveCfg = Debug|Any CPU
		{523BAC8C-5698-4A4A-8E19-5BCD3FE0E75C}.Debug|x64.Build.0 = Debug|Any CPU
		{523BAC8C-5698-4A4A-8E19-5BCD3FE0E75C}.Debug|x86.ActiveCfg = Debug|Any CPU
		{523BAC8C-5698-4A4A-8E19-5BCD3FE0E75C}.Debug|x86.Build.0 = Debug|Any CPU
		{523BAC8C-5698-4A4A-8E19-5BCD3FE0E75C}.Debug64|Any CPU.ActiveCfg = Debug|Any CPU
		{523BAC8C-5698-4A4A-8E19-5BCD3FE0E75C}.Debug64|Any CPU.Build.0 = Debug|Any CPU
		{523BAC8C-5698-4A4A-8E19-5BCD3FE0E75C}.Debug64|x64.ActiveCfg = Debug|Any CPU
		{523BAC8C-5698-4A4A-8E19-5BCD3FE0E75C}.Debug64|x64.Build.0 = Debug|Any CPU
		{523BAC8C-5698-4A4A-8E19-5BCD3FE0E75C}.Debug64|x86.ActiveCfg = Debug|Any CPU
		{523BAC8C-5698-4A4A-8E19-5BCD3FE0E75C}.Debug64|x86.Build.0 = Debug|Any CPU
		{523BAC8C-5698-4A4A-8E19-5BCD3FE0E75C}.Release|Any CPU.ActiveCfg = Release|Any CPU
		{523BAC8C-5698-4A4A-8E19-5BCD3FE0E75C}.Release|Any CPU.Build.0 = Release|Any CPU
		{523BAC8C-5698-4A4A-8E19-5BCD3FE0E75C}.Release|x64.ActiveCfg = Release|Any CPU
		{523BAC8C-5698-4A4A-8E19-5BCD3FE0E75C}.Release|x64.Build.0 = Release|Any CPU
		{523BAC8C-5698-4A4A-8E19-5BCD3FE0E75C}.Release|x86.ActiveCfg = Release|Any CPU
		{523BAC8C-5698-4A4A-8E19-5BCD3FE0E75C}.Release|x86.Build.0 = Release|Any CPU
		{3901588F-9F58-436D-B589-B2C92E451AD7}.Debug|Any CPU.ActiveCfg = Debug|Any CPU
		{3901588F-9F58-436D-B589-B2C92E451AD7}.Debug|Any CPU.Build.0 = Debug|Any CPU
		{3901588F-9F58-436D-B589-B2C92E451AD7}.Debug|x64.ActiveCfg = Debug|Any CPU
		{3901588F-9F58-436D-B589-B2C92E451AD7}.Debug|x64.Build.0 = Debug|Any CPU
		{3901588F-9F58-436D-B589-B2C92E451AD7}.Debug|x86.ActiveCfg = Debug|Any CPU
		{3901588F-9F58-436D-B589-B2C92E451AD7}.Debug|x86.Build.0 = Debug|Any CPU
		{3901588F-9F58-436D-B589-B2C92E451AD7}.Debug64|Any CPU.ActiveCfg = Debug|Any CPU
		{3901588F-9F58-436D-B589-B2C92E451AD7}.Debug64|Any CPU.Build.0 = Debug|Any CPU
		{3901588F-9F58-436D-B589-B2C92E451AD7}.Debug64|x64.ActiveCfg = Debug|Any CPU
		{3901588F-9F58-436D-B589-B2C92E451AD7}.Debug64|x64.Build.0 = Debug|Any CPU
		{3901588F-9F58-436D-B589-B2C92E451AD7}.Debug64|x86.ActiveCfg = Debug|Any CPU
		{3901588F-9F58-436D-B589-B2C92E451AD7}.Debug64|x86.Build.0 = Debug|Any CPU
		{3901588F-9F58-436D-B589-B2C92E451AD7}.Release|Any CPU.ActiveCfg = Release|Any CPU
		{3901588F-9F58-436D-B589-B2C92E451AD7}.Release|Any CPU.Build.0 = Release|Any CPU
		{3901588F-9F58-436D-B589-B2C92E451AD7}.Release|x64.ActiveCfg = Release|Any CPU
		{3901588F-9F58-436D-B589-B2C92E451AD7}.Release|x64.Build.0 = Release|Any CPU
		{3901588F-9F58-436D-B589-B2C92E451AD7}.Release|x86.ActiveCfg = Release|Any CPU
		{3901588F-9F58-436D-B589-B2C92E451AD7}.Release|x86.Build.0 = Release|Any CPU
		{C9FA5DBF-B0C3-40C7-A466-1659A05AC702}.Debug|Any CPU.ActiveCfg = Debug|Any CPU
		{C9FA5DBF-B0C3-40C7-A466-1659A05AC702}.Debug|Any CPU.Build.0 = Debug|Any CPU
		{C9FA5DBF-B0C3-40C7-A466-1659A05AC702}.Debug|x64.ActiveCfg = Debug|Any CPU
		{C9FA5DBF-B0C3-40C7-A466-1659A05AC702}.Debug|x64.Build.0 = Debug|Any CPU
		{C9FA5DBF-B0C3-40C7-A466-1659A05AC702}.Debug|x86.ActiveCfg = Debug|Any CPU
		{C9FA5DBF-B0C3-40C7-A466-1659A05AC702}.Debug|x86.Build.0 = Debug|Any CPU
		{C9FA5DBF-B0C3-40C7-A466-1659A05AC702}.Debug64|Any CPU.ActiveCfg = Debug|Any CPU
		{C9FA5DBF-B0C3-40C7-A466-1659A05AC702}.Debug64|Any CPU.Build.0 = Debug|Any CPU
		{C9FA5DBF-B0C3-40C7-A466-1659A05AC702}.Debug64|x64.ActiveCfg = Debug|Any CPU
		{C9FA5DBF-B0C3-40C7-A466-1659A05AC702}.Debug64|x64.Build.0 = Debug|Any CPU
		{C9FA5DBF-B0C3-40C7-A466-1659A05AC702}.Debug64|x86.ActiveCfg = Debug|Any CPU
		{C9FA5DBF-B0C3-40C7-A466-1659A05AC702}.Debug64|x86.Build.0 = Debug|Any CPU
		{C9FA5DBF-B0C3-40C7-A466-1659A05AC702}.Release|Any CPU.ActiveCfg = Release|Any CPU
		{C9FA5DBF-B0C3-40C7-A466-1659A05AC702}.Release|Any CPU.Build.0 = Release|Any CPU
		{C9FA5DBF-B0C3-40C7-A466-1659A05AC702}.Release|x64.ActiveCfg = Release|Any CPU
		{C9FA5DBF-B0C3-40C7-A466-1659A05AC702}.Release|x64.Build.0 = Release|Any CPU
		{C9FA5DBF-B0C3-40C7-A466-1659A05AC702}.Release|x86.ActiveCfg = Release|Any CPU
		{C9FA5DBF-B0C3-40C7-A466-1659A05AC702}.Release|x86.Build.0 = Release|Any CPU
	EndGlobalSection
	GlobalSection(SolutionProperties) = preSolution
		HideSolutionNode = FALSE
	EndGlobalSection
	GlobalSection(ExtensibilityGlobals) = postSolution
		SolutionGuid = {13DEE6AA-C76C-4345-A504-FAFC17316D4A}
	EndGlobalSection
	GlobalSection(NDepend) = preSolution
		Project = ".\Sonnenberg.ndproj"
	EndGlobalSection
EndGlobal
