
Microsoft Visual Studio Solution File, Format Version 12.00
# Visual Studio Version 16
VisualStudioVersion = 16.0.29215.179
MinimumVisualStudioVersion = 10.0.40219.1
Project("{FAE04EC0-301F-11D3-BF4B-00C04F79EFBC}") = "ShellServer", "ShellServer\ShellServer.csproj", "{36656368-79EB-4F93-8084-CA251D084737}"
EndProject
Project("{FAE04EC0-301F-11D3-BF4B-00C04F79EFBC}") = "Language", "Language\Language.csproj", "{2FC7DE5D-80F9-469B-BC19-FDCA26BE792E}"
EndProject
Project("{FAE04EC0-301F-11D3-BF4B-00C04F79EFBC}") = "StartService", "StartService\StartService.csproj", "{5617484E-1443-4D89-9567-8D4B57F2E6EF}"
EndProject
Project("{FAE04EC0-301F-11D3-BF4B-00C04F79EFBC}") = "StopService", "StopService\StopService.csproj", "{FB41A6F8-DEF4-4050-B925-672E353085C3}"
EndProject
Project("{FAE04EC0-301F-11D3-BF4B-00C04F79EFBC}") = "Common", "Common\Common.csproj", "{DE033B3B-909F-4682-A5B9-FE8AD6D86D9C}"
EndProject
Project("{FAE04EC0-301F-11D3-BF4B-00C04F79EFBC}") = "FileHelper", "FileHelper\FileHelper.csproj", "{E31064E7-F353-4096-B38C-AD9068B90433}"
EndProject
Project("{930C7802-8A8C-48F9-8165-68863BCCD9DD}") = "Installer", "Installer\Installer.wixproj", "{E7E0AE22-0A75-417E-950A-21258F5A737A}"
EndProject
Project("{FAE04EC0-301F-11D3-BF4B-00C04F79EFBC}") = "ServiceManager", "ServiceManager\ServiceManager.csproj", "{114F866F-7758-4311-B137-929D03B1ABFF}"
EndProject
Project("{FAE04EC0-301F-11D3-BF4B-00C04F79EFBC}") = "ServerManager", "ServerManager\ServerManager.csproj", "{4578DACF-3AF2-4D7F-A105-3A310DBDA66F}"
EndProject
Project("{FAE04EC0-301F-11D3-BF4B-00C04F79EFBC}") = "Service", "Service\Service.csproj", "{F7BA5331-F124-4CC3-A3A7-1A9208135088}"
EndProject
Project("{FAE04EC0-301F-11D3-BF4B-00C04F79EFBC}") = "ContextMenu", "ContextMenu\ContextMenu.csproj", "{9A2C94F7-E563-451F-B319-8053B4721DE0}"
EndProject
Project("{2150E333-8FDC-42A3-9474-1A3956D46DE8}") = "UnitTests", "UnitTests", "{82494A02-3E47-487C-9F10-82131A7F2036}"
EndProject
Project("{FAE04EC0-301F-11D3-BF4B-00C04F79EFBC}") = "Common.Tests", "UnitTests\Common.Tests\Common.Tests.csproj", "{05C3029C-B53A-4D07-B555-2541A60C488A}"
EndProject
Project("{FAE04EC0-301F-11D3-BF4B-00C04F79EFBC}") = "ContextMenu.Tests", "UnitTests\ContextMenu.Tests\ContextMenu.Tests.csproj", "{B2DE4595-79BB-4A66-9845-2AF4219EC208}"
EndProject
Project("{FAE04EC0-301F-11D3-BF4B-00C04F79EFBC}") = "FileHelper.Tests", "UnitTests\FileHelper.Tests\FileHelper.Tests.csproj", "{9F7C12AD-039C-47CD-93EA-9DD9419325AA}"
EndProject
Project("{FAE04EC0-301F-11D3-BF4B-00C04F79EFBC}") = "ServerManager.Tests", "UnitTests\ServerManager.Tests\ServerManager.Tests.csproj", "{A7E355B9-3A47-4B06-B690-FD7330CBF230}"
EndProject
Project("{FAE04EC0-301F-11D3-BF4B-00C04F79EFBC}") = "Service.Tests", "UnitTests\Service.Tests\Service.Tests.csproj", "{A1176BD0-0B9B-46F7-86AA-94C0910A8DBF}"
EndProject
Project("{FAE04EC0-301F-11D3-BF4B-00C04F79EFBC}") = "ServiceManager.Tests", "UnitTests\ServiceManager.Tests\ServiceManager.Tests.csproj", "{F049A3E7-D628-4FC1-A1B8-63BCE3012FA5}"
EndProject
Project("{FAE04EC0-301F-11D3-BF4B-00C04F79EFBC}") = "ShellServer.Tests", "UnitTests\ShellServer.Tests\ShellServer.Tests.csproj", "{C89A4230-DF80-445D-8C92-E1F3A2FCCC61}"
EndProject
Project("{2150E333-8FDC-42A3-9474-1A3956D46DE8}") = "IntegrationTests", "IntegrationTests", "{383E2AD0-22DC-45D0-8D74-3BD07E1B0511}"
EndProject
Project("{FAE04EC0-301F-11D3-BF4B-00C04F79EFBC}") = "Common.Tests", "IntegrationTests\Common.Tests\Common.Tests.csproj", "{96487C7E-FAB0-48B8-9529-BCD5B682AD81}"
EndProject
Project("{FAE04EC0-301F-11D3-BF4B-00C04F79EFBC}") = "ContextMenu.Tests", "IntegrationTests\ContextMenu.Tests\ContextMenu.Tests.csproj", "{4EEC2434-23A2-4B41-974D-A3B381364F12}"
EndProject
Project("{FAE04EC0-301F-11D3-BF4B-00C04F79EFBC}") = "FileHelper.Tests", "IntegrationTests\FileHelper.Tests\FileHelper.Tests.csproj", "{78CE3778-38C7-483E-9C46-484DD8FE80FC}"
EndProject
Project("{FAE04EC0-301F-11D3-BF4B-00C04F79EFBC}") = "ServerManager.Tests", "IntegrationTests\ServerManager.Tests\ServerManager.Tests.csproj", "{FB73399D-33D9-4EA2-AA75-67BA2BFE40A4}"
EndProject
Project("{FAE04EC0-301F-11D3-BF4B-00C04F79EFBC}") = "Service.Tests", "IntegrationTests\Service.Tests\Service.Tests.csproj", "{DE51CC12-C68C-492B-8CE0-F460AE3E9007}"
EndProject
Project("{FAE04EC0-301F-11D3-BF4B-00C04F79EFBC}") = "ServiceManager.Tests", "IntegrationTests\ServiceManager.Tests\ServiceManager.Tests.csproj", "{5C21E10E-A5B2-4DA2-83E5-0E93C0CE8D16}"
EndProject
Project("{FAE04EC0-301F-11D3-BF4B-00C04F79EFBC}") = "ShellServer.Tests", "IntegrationTests\ShellServer.Tests\ShellServer.Tests.csproj", "{3A7E89C1-B1E1-491D-87AB-C4FEA77EE2DA}"
EndProject
Global
	GlobalSection(SolutionConfigurationPlatforms) = preSolution
		Debug|Any CPU = Debug|Any CPU
		Debug|x64 = Debug|x64
		Debug|x86 = Debug|x86
		Release|Any CPU = Release|Any CPU
		Release|x64 = Release|x64
		Release|x86 = Release|x86
	EndGlobalSection
	GlobalSection(ProjectConfigurationPlatforms) = postSolution
		{36656368-79EB-4F93-8084-CA251D084737}.Debug|Any CPU.ActiveCfg = Debug|Any CPU
		{36656368-79EB-4F93-8084-CA251D084737}.Debug|Any CPU.Build.0 = Debug|Any CPU
		{36656368-79EB-4F93-8084-CA251D084737}.Debug|x64.ActiveCfg = Debug|Any CPU
		{36656368-79EB-4F93-8084-CA251D084737}.Debug|x64.Build.0 = Debug|Any CPU
		{36656368-79EB-4F93-8084-CA251D084737}.Debug|x86.ActiveCfg = Debug|Any CPU
		{36656368-79EB-4F93-8084-CA251D084737}.Debug|x86.Build.0 = Debug|Any CPU
		{36656368-79EB-4F93-8084-CA251D084737}.Release|Any CPU.ActiveCfg = Release|Any CPU
		{36656368-79EB-4F93-8084-CA251D084737}.Release|Any CPU.Build.0 = Release|Any CPU
		{36656368-79EB-4F93-8084-CA251D084737}.Release|x64.ActiveCfg = Release|Any CPU
		{36656368-79EB-4F93-8084-CA251D084737}.Release|x64.Build.0 = Release|Any CPU
		{36656368-79EB-4F93-8084-CA251D084737}.Release|x86.ActiveCfg = Release|Any CPU
		{36656368-79EB-4F93-8084-CA251D084737}.Release|x86.Build.0 = Release|Any CPU
		{2FC7DE5D-80F9-469B-BC19-FDCA26BE792E}.Debug|Any CPU.ActiveCfg = Debug|Any CPU
		{2FC7DE5D-80F9-469B-BC19-FDCA26BE792E}.Debug|Any CPU.Build.0 = Debug|Any CPU
		{2FC7DE5D-80F9-469B-BC19-FDCA26BE792E}.Debug|x64.ActiveCfg = Debug|Any CPU
		{2FC7DE5D-80F9-469B-BC19-FDCA26BE792E}.Debug|x64.Build.0 = Debug|Any CPU
		{2FC7DE5D-80F9-469B-BC19-FDCA26BE792E}.Debug|x86.ActiveCfg = Debug|Any CPU
		{2FC7DE5D-80F9-469B-BC19-FDCA26BE792E}.Debug|x86.Build.0 = Debug|Any CPU
		{2FC7DE5D-80F9-469B-BC19-FDCA26BE792E}.Release|Any CPU.ActiveCfg = Release|Any CPU
		{2FC7DE5D-80F9-469B-BC19-FDCA26BE792E}.Release|Any CPU.Build.0 = Release|Any CPU
		{2FC7DE5D-80F9-469B-BC19-FDCA26BE792E}.Release|x64.ActiveCfg = Release|Any CPU
		{2FC7DE5D-80F9-469B-BC19-FDCA26BE792E}.Release|x64.Build.0 = Release|Any CPU
		{2FC7DE5D-80F9-469B-BC19-FDCA26BE792E}.Release|x86.ActiveCfg = Release|Any CPU
		{2FC7DE5D-80F9-469B-BC19-FDCA26BE792E}.Release|x86.Build.0 = Release|Any CPU
		{5617484E-1443-4D89-9567-8D4B57F2E6EF}.Debug|Any CPU.ActiveCfg = Debug|Any CPU
		{5617484E-1443-4D89-9567-8D4B57F2E6EF}.Debug|Any CPU.Build.0 = Debug|Any CPU
		{5617484E-1443-4D89-9567-8D4B57F2E6EF}.Debug|x64.ActiveCfg = Debug|Any CPU
		{5617484E-1443-4D89-9567-8D4B57F2E6EF}.Debug|x64.Build.0 = Debug|Any CPU
		{5617484E-1443-4D89-9567-8D4B57F2E6EF}.Debug|x86.ActiveCfg = Debug|Any CPU
		{5617484E-1443-4D89-9567-8D4B57F2E6EF}.Debug|x86.Build.0 = Debug|Any CPU
		{5617484E-1443-4D89-9567-8D4B57F2E6EF}.Release|Any CPU.ActiveCfg = Release|Any CPU
		{5617484E-1443-4D89-9567-8D4B57F2E6EF}.Release|Any CPU.Build.0 = Release|Any CPU
		{5617484E-1443-4D89-9567-8D4B57F2E6EF}.Release|x64.ActiveCfg = Release|Any CPU
		{5617484E-1443-4D89-9567-8D4B57F2E6EF}.Release|x64.Build.0 = Release|Any CPU
		{5617484E-1443-4D89-9567-8D4B57F2E6EF}.Release|x86.ActiveCfg = Release|Any CPU
		{5617484E-1443-4D89-9567-8D4B57F2E6EF}.Release|x86.Build.0 = Release|Any CPU
		{FB41A6F8-DEF4-4050-B925-672E353085C3}.Debug|Any CPU.ActiveCfg = Debug|Any CPU
		{FB41A6F8-DEF4-4050-B925-672E353085C3}.Debug|Any CPU.Build.0 = Debug|Any CPU
		{FB41A6F8-DEF4-4050-B925-672E353085C3}.Debug|x64.ActiveCfg = Debug|Any CPU
		{FB41A6F8-DEF4-4050-B925-672E353085C3}.Debug|x64.Build.0 = Debug|Any CPU
		{FB41A6F8-DEF4-4050-B925-672E353085C3}.Debug|x86.ActiveCfg = Debug|Any CPU
		{FB41A6F8-DEF4-4050-B925-672E353085C3}.Debug|x86.Build.0 = Debug|Any CPU
		{FB41A6F8-DEF4-4050-B925-672E353085C3}.Release|Any CPU.ActiveCfg = Release|Any CPU
		{FB41A6F8-DEF4-4050-B925-672E353085C3}.Release|Any CPU.Build.0 = Release|Any CPU
		{FB41A6F8-DEF4-4050-B925-672E353085C3}.Release|x64.ActiveCfg = Release|Any CPU
		{FB41A6F8-DEF4-4050-B925-672E353085C3}.Release|x64.Build.0 = Release|Any CPU
		{FB41A6F8-DEF4-4050-B925-672E353085C3}.Release|x86.ActiveCfg = Release|Any CPU
		{FB41A6F8-DEF4-4050-B925-672E353085C3}.Release|x86.Build.0 = Release|Any CPU
		{DE033B3B-909F-4682-A5B9-FE8AD6D86D9C}.Debug|Any CPU.ActiveCfg = Debug|Any CPU
		{DE033B3B-909F-4682-A5B9-FE8AD6D86D9C}.Debug|Any CPU.Build.0 = Debug|Any CPU
		{DE033B3B-909F-4682-A5B9-FE8AD6D86D9C}.Debug|x64.ActiveCfg = Debug|Any CPU
		{DE033B3B-909F-4682-A5B9-FE8AD6D86D9C}.Debug|x64.Build.0 = Debug|Any CPU
		{DE033B3B-909F-4682-A5B9-FE8AD6D86D9C}.Debug|x86.ActiveCfg = Debug|Any CPU
		{DE033B3B-909F-4682-A5B9-FE8AD6D86D9C}.Debug|x86.Build.0 = Debug|Any CPU
		{DE033B3B-909F-4682-A5B9-FE8AD6D86D9C}.Release|Any CPU.ActiveCfg = Release|Any CPU
		{DE033B3B-909F-4682-A5B9-FE8AD6D86D9C}.Release|Any CPU.Build.0 = Release|Any CPU
		{DE033B3B-909F-4682-A5B9-FE8AD6D86D9C}.Release|x64.ActiveCfg = Release|Any CPU
		{DE033B3B-909F-4682-A5B9-FE8AD6D86D9C}.Release|x64.Build.0 = Release|Any CPU
		{DE033B3B-909F-4682-A5B9-FE8AD6D86D9C}.Release|x86.ActiveCfg = Release|Any CPU
		{DE033B3B-909F-4682-A5B9-FE8AD6D86D9C}.Release|x86.Build.0 = Release|Any CPU
		{E31064E7-F353-4096-B38C-AD9068B90433}.Debug|Any CPU.ActiveCfg = Debug|Any CPU
		{E31064E7-F353-4096-B38C-AD9068B90433}.Debug|Any CPU.Build.0 = Debug|Any CPU
		{E31064E7-F353-4096-B38C-AD9068B90433}.Debug|x64.ActiveCfg = Debug|Any CPU
		{E31064E7-F353-4096-B38C-AD9068B90433}.Debug|x64.Build.0 = Debug|Any CPU
		{E31064E7-F353-4096-B38C-AD9068B90433}.Debug|x86.ActiveCfg = Debug|Any CPU
		{E31064E7-F353-4096-B38C-AD9068B90433}.Debug|x86.Build.0 = Debug|Any CPU
		{E31064E7-F353-4096-B38C-AD9068B90433}.Release|Any CPU.ActiveCfg = Release|Any CPU
		{E31064E7-F353-4096-B38C-AD9068B90433}.Release|Any CPU.Build.0 = Release|Any CPU
		{E31064E7-F353-4096-B38C-AD9068B90433}.Release|x64.ActiveCfg = Release|Any CPU
		{E31064E7-F353-4096-B38C-AD9068B90433}.Release|x64.Build.0 = Release|Any CPU
		{E31064E7-F353-4096-B38C-AD9068B90433}.Release|x86.ActiveCfg = Release|Any CPU
		{E31064E7-F353-4096-B38C-AD9068B90433}.Release|x86.Build.0 = Release|Any CPU
		{E7E0AE22-0A75-417E-950A-21258F5A737A}.Debug|Any CPU.ActiveCfg = Debug|x86
		{E7E0AE22-0A75-417E-950A-21258F5A737A}.Debug|x64.ActiveCfg = Debug|x64
		{E7E0AE22-0A75-417E-950A-21258F5A737A}.Debug|x86.ActiveCfg = Debug|x86
		{E7E0AE22-0A75-417E-950A-21258F5A737A}.Release|Any CPU.ActiveCfg = Release|x86
		{E7E0AE22-0A75-417E-950A-21258F5A737A}.Release|x64.ActiveCfg = Release|x64
		{E7E0AE22-0A75-417E-950A-21258F5A737A}.Release|x86.ActiveCfg = Release|x86
		{114F866F-7758-4311-B137-929D03B1ABFF}.Debug|Any CPU.ActiveCfg = Debug|Any CPU
		{114F866F-7758-4311-B137-929D03B1ABFF}.Debug|Any CPU.Build.0 = Debug|Any CPU
		{114F866F-7758-4311-B137-929D03B1ABFF}.Debug|x64.ActiveCfg = Debug|Any CPU
		{114F866F-7758-4311-B137-929D03B1ABFF}.Debug|x64.Build.0 = Debug|Any CPU
		{114F866F-7758-4311-B137-929D03B1ABFF}.Debug|x86.ActiveCfg = Debug|Any CPU
		{114F866F-7758-4311-B137-929D03B1ABFF}.Debug|x86.Build.0 = Debug|Any CPU
		{114F866F-7758-4311-B137-929D03B1ABFF}.Release|Any CPU.ActiveCfg = Release|Any CPU
		{114F866F-7758-4311-B137-929D03B1ABFF}.Release|Any CPU.Build.0 = Release|Any CPU
		{114F866F-7758-4311-B137-929D03B1ABFF}.Release|x64.ActiveCfg = Release|Any CPU
		{114F866F-7758-4311-B137-929D03B1ABFF}.Release|x64.Build.0 = Release|Any CPU
		{114F866F-7758-4311-B137-929D03B1ABFF}.Release|x86.ActiveCfg = Release|Any CPU
		{114F866F-7758-4311-B137-929D03B1ABFF}.Release|x86.Build.0 = Release|Any CPU
		{4578DACF-3AF2-4D7F-A105-3A310DBDA66F}.Debug|Any CPU.ActiveCfg = Debug|Any CPU
		{4578DACF-3AF2-4D7F-A105-3A310DBDA66F}.Debug|Any CPU.Build.0 = Debug|Any CPU
		{4578DACF-3AF2-4D7F-A105-3A310DBDA66F}.Debug|x64.ActiveCfg = Debug|Any CPU
		{4578DACF-3AF2-4D7F-A105-3A310DBDA66F}.Debug|x64.Build.0 = Debug|Any CPU
		{4578DACF-3AF2-4D7F-A105-3A310DBDA66F}.Debug|x86.ActiveCfg = Debug|Any CPU
		{4578DACF-3AF2-4D7F-A105-3A310DBDA66F}.Debug|x86.Build.0 = Debug|Any CPU
		{4578DACF-3AF2-4D7F-A105-3A310DBDA66F}.Release|Any CPU.ActiveCfg = Release|Any CPU
		{4578DACF-3AF2-4D7F-A105-3A310DBDA66F}.Release|Any CPU.Build.0 = Release|Any CPU
		{4578DACF-3AF2-4D7F-A105-3A310DBDA66F}.Release|x64.ActiveCfg = Release|Any CPU
		{4578DACF-3AF2-4D7F-A105-3A310DBDA66F}.Release|x64.Build.0 = Release|Any CPU
		{4578DACF-3AF2-4D7F-A105-3A310DBDA66F}.Release|x86.ActiveCfg = Release|Any CPU
		{4578DACF-3AF2-4D7F-A105-3A310DBDA66F}.Release|x86.Build.0 = Release|Any CPU
		{F7BA5331-F124-4CC3-A3A7-1A9208135088}.Debug|Any CPU.ActiveCfg = Debug|Any CPU
		{F7BA5331-F124-4CC3-A3A7-1A9208135088}.Debug|Any CPU.Build.0 = Debug|Any CPU
		{F7BA5331-F124-4CC3-A3A7-1A9208135088}.Debug|x64.ActiveCfg = Debug|Any CPU
		{F7BA5331-F124-4CC3-A3A7-1A9208135088}.Debug|x64.Build.0 = Debug|Any CPU
		{F7BA5331-F124-4CC3-A3A7-1A9208135088}.Debug|x86.ActiveCfg = Debug|Any CPU
		{F7BA5331-F124-4CC3-A3A7-1A9208135088}.Debug|x86.Build.0 = Debug|Any CPU
		{F7BA5331-F124-4CC3-A3A7-1A9208135088}.Release|Any CPU.ActiveCfg = Release|Any CPU
		{F7BA5331-F124-4CC3-A3A7-1A9208135088}.Release|Any CPU.Build.0 = Release|Any CPU
		{F7BA5331-F124-4CC3-A3A7-1A9208135088}.Release|x64.ActiveCfg = Release|Any CPU
		{F7BA5331-F124-4CC3-A3A7-1A9208135088}.Release|x64.Build.0 = Release|Any CPU
		{F7BA5331-F124-4CC3-A3A7-1A9208135088}.Release|x86.ActiveCfg = Release|Any CPU
		{F7BA5331-F124-4CC3-A3A7-1A9208135088}.Release|x86.Build.0 = Release|Any CPU
		{9A2C94F7-E563-451F-B319-8053B4721DE0}.Debug|Any CPU.ActiveCfg = Debug|Any CPU
		{9A2C94F7-E563-451F-B319-8053B4721DE0}.Debug|Any CPU.Build.0 = Debug|Any CPU
		{9A2C94F7-E563-451F-B319-8053B4721DE0}.Debug|x64.ActiveCfg = Debug|Any CPU
		{9A2C94F7-E563-451F-B319-8053B4721DE0}.Debug|x64.Build.0 = Debug|Any CPU
		{9A2C94F7-E563-451F-B319-8053B4721DE0}.Debug|x86.ActiveCfg = Debug|Any CPU
		{9A2C94F7-E563-451F-B319-8053B4721DE0}.Debug|x86.Build.0 = Debug|Any CPU
		{9A2C94F7-E563-451F-B319-8053B4721DE0}.Release|Any CPU.ActiveCfg = Release|Any CPU
		{9A2C94F7-E563-451F-B319-8053B4721DE0}.Release|Any CPU.Build.0 = Release|Any CPU
		{9A2C94F7-E563-451F-B319-8053B4721DE0}.Release|x64.ActiveCfg = Release|Any CPU
		{9A2C94F7-E563-451F-B319-8053B4721DE0}.Release|x64.Build.0 = Release|Any CPU
		{9A2C94F7-E563-451F-B319-8053B4721DE0}.Release|x86.ActiveCfg = Release|Any CPU
		{9A2C94F7-E563-451F-B319-8053B4721DE0}.Release|x86.Build.0 = Release|Any CPU
		{05C3029C-B53A-4D07-B555-2541A60C488A}.Debug|Any CPU.ActiveCfg = Debug|Any CPU
		{05C3029C-B53A-4D07-B555-2541A60C488A}.Debug|Any CPU.Build.0 = Debug|Any CPU
		{05C3029C-B53A-4D07-B555-2541A60C488A}.Debug|x64.ActiveCfg = Debug|Any CPU
		{05C3029C-B53A-4D07-B555-2541A60C488A}.Debug|x64.Build.0 = Debug|Any CPU
		{05C3029C-B53A-4D07-B555-2541A60C488A}.Debug|x86.ActiveCfg = Debug|Any CPU
		{05C3029C-B53A-4D07-B555-2541A60C488A}.Debug|x86.Build.0 = Debug|Any CPU
		{05C3029C-B53A-4D07-B555-2541A60C488A}.Release|Any CPU.ActiveCfg = Release|Any CPU
		{05C3029C-B53A-4D07-B555-2541A60C488A}.Release|Any CPU.Build.0 = Release|Any CPU
		{05C3029C-B53A-4D07-B555-2541A60C488A}.Release|x64.ActiveCfg = Release|Any CPU
		{05C3029C-B53A-4D07-B555-2541A60C488A}.Release|x64.Build.0 = Release|Any CPU
		{05C3029C-B53A-4D07-B555-2541A60C488A}.Release|x86.ActiveCfg = Release|Any CPU
		{05C3029C-B53A-4D07-B555-2541A60C488A}.Release|x86.Build.0 = Release|Any CPU
		{B2DE4595-79BB-4A66-9845-2AF4219EC208}.Debug|Any CPU.ActiveCfg = Debug|Any CPU
		{B2DE4595-79BB-4A66-9845-2AF4219EC208}.Debug|Any CPU.Build.0 = Debug|Any CPU
		{B2DE4595-79BB-4A66-9845-2AF4219EC208}.Debug|x64.ActiveCfg = Debug|Any CPU
		{B2DE4595-79BB-4A66-9845-2AF4219EC208}.Debug|x64.Build.0 = Debug|Any CPU
		{B2DE4595-79BB-4A66-9845-2AF4219EC208}.Debug|x86.ActiveCfg = Debug|Any CPU
		{B2DE4595-79BB-4A66-9845-2AF4219EC208}.Debug|x86.Build.0 = Debug|Any CPU
		{B2DE4595-79BB-4A66-9845-2AF4219EC208}.Release|Any CPU.ActiveCfg = Release|Any CPU
		{B2DE4595-79BB-4A66-9845-2AF4219EC208}.Release|Any CPU.Build.0 = Release|Any CPU
		{B2DE4595-79BB-4A66-9845-2AF4219EC208}.Release|x64.ActiveCfg = Release|Any CPU
		{B2DE4595-79BB-4A66-9845-2AF4219EC208}.Release|x64.Build.0 = Release|Any CPU
		{B2DE4595-79BB-4A66-9845-2AF4219EC208}.Release|x86.ActiveCfg = Release|Any CPU
		{B2DE4595-79BB-4A66-9845-2AF4219EC208}.Release|x86.Build.0 = Release|Any CPU
		{9F7C12AD-039C-47CD-93EA-9DD9419325AA}.Debug|Any CPU.ActiveCfg = Debug|Any CPU
		{9F7C12AD-039C-47CD-93EA-9DD9419325AA}.Debug|Any CPU.Build.0 = Debug|Any CPU
		{9F7C12AD-039C-47CD-93EA-9DD9419325AA}.Debug|x64.ActiveCfg = Debug|Any CPU
		{9F7C12AD-039C-47CD-93EA-9DD9419325AA}.Debug|x64.Build.0 = Debug|Any CPU
		{9F7C12AD-039C-47CD-93EA-9DD9419325AA}.Debug|x86.ActiveCfg = Debug|Any CPU
		{9F7C12AD-039C-47CD-93EA-9DD9419325AA}.Debug|x86.Build.0 = Debug|Any CPU
		{9F7C12AD-039C-47CD-93EA-9DD9419325AA}.Release|Any CPU.ActiveCfg = Release|Any CPU
		{9F7C12AD-039C-47CD-93EA-9DD9419325AA}.Release|Any CPU.Build.0 = Release|Any CPU
		{9F7C12AD-039C-47CD-93EA-9DD9419325AA}.Release|x64.ActiveCfg = Release|Any CPU
		{9F7C12AD-039C-47CD-93EA-9DD9419325AA}.Release|x64.Build.0 = Release|Any CPU
		{9F7C12AD-039C-47CD-93EA-9DD9419325AA}.Release|x86.ActiveCfg = Release|Any CPU
		{9F7C12AD-039C-47CD-93EA-9DD9419325AA}.Release|x86.Build.0 = Release|Any CPU
		{A7E355B9-3A47-4B06-B690-FD7330CBF230}.Debug|Any CPU.ActiveCfg = Debug|Any CPU
		{A7E355B9-3A47-4B06-B690-FD7330CBF230}.Debug|Any CPU.Build.0 = Debug|Any CPU
		{A7E355B9-3A47-4B06-B690-FD7330CBF230}.Debug|x64.ActiveCfg = Debug|Any CPU
		{A7E355B9-3A47-4B06-B690-FD7330CBF230}.Debug|x64.Build.0 = Debug|Any CPU
		{A7E355B9-3A47-4B06-B690-FD7330CBF230}.Debug|x86.ActiveCfg = Debug|Any CPU
		{A7E355B9-3A47-4B06-B690-FD7330CBF230}.Debug|x86.Build.0 = Debug|Any CPU
		{A7E355B9-3A47-4B06-B690-FD7330CBF230}.Release|Any CPU.ActiveCfg = Release|Any CPU
		{A7E355B9-3A47-4B06-B690-FD7330CBF230}.Release|Any CPU.Build.0 = Release|Any CPU
		{A7E355B9-3A47-4B06-B690-FD7330CBF230}.Release|x64.ActiveCfg = Release|Any CPU
		{A7E355B9-3A47-4B06-B690-FD7330CBF230}.Release|x64.Build.0 = Release|Any CPU
		{A7E355B9-3A47-4B06-B690-FD7330CBF230}.Release|x86.ActiveCfg = Release|Any CPU
		{A7E355B9-3A47-4B06-B690-FD7330CBF230}.Release|x86.Build.0 = Release|Any CPU
		{A1176BD0-0B9B-46F7-86AA-94C0910A8DBF}.Debug|Any CPU.ActiveCfg = Debug|Any CPU
		{A1176BD0-0B9B-46F7-86AA-94C0910A8DBF}.Debug|Any CPU.Build.0 = Debug|Any CPU
		{A1176BD0-0B9B-46F7-86AA-94C0910A8DBF}.Debug|x64.ActiveCfg = Debug|Any CPU
		{A1176BD0-0B9B-46F7-86AA-94C0910A8DBF}.Debug|x64.Build.0 = Debug|Any CPU
		{A1176BD0-0B9B-46F7-86AA-94C0910A8DBF}.Debug|x86.ActiveCfg = Debug|Any CPU
		{A1176BD0-0B9B-46F7-86AA-94C0910A8DBF}.Debug|x86.Build.0 = Debug|Any CPU
		{A1176BD0-0B9B-46F7-86AA-94C0910A8DBF}.Release|Any CPU.ActiveCfg = Release|Any CPU
		{A1176BD0-0B9B-46F7-86AA-94C0910A8DBF}.Release|Any CPU.Build.0 = Release|Any CPU
		{A1176BD0-0B9B-46F7-86AA-94C0910A8DBF}.Release|x64.ActiveCfg = Release|Any CPU
		{A1176BD0-0B9B-46F7-86AA-94C0910A8DBF}.Release|x64.Build.0 = Release|Any CPU
		{A1176BD0-0B9B-46F7-86AA-94C0910A8DBF}.Release|x86.ActiveCfg = Release|Any CPU
		{A1176BD0-0B9B-46F7-86AA-94C0910A8DBF}.Release|x86.Build.0 = Release|Any CPU
		{F049A3E7-D628-4FC1-A1B8-63BCE3012FA5}.Debug|Any CPU.ActiveCfg = Debug|Any CPU
		{F049A3E7-D628-4FC1-A1B8-63BCE3012FA5}.Debug|Any CPU.Build.0 = Debug|Any CPU
		{F049A3E7-D628-4FC1-A1B8-63BCE3012FA5}.Debug|x64.ActiveCfg = Debug|Any CPU
		{F049A3E7-D628-4FC1-A1B8-63BCE3012FA5}.Debug|x64.Build.0 = Debug|Any CPU
		{F049A3E7-D628-4FC1-A1B8-63BCE3012FA5}.Debug|x86.ActiveCfg = Debug|Any CPU
		{F049A3E7-D628-4FC1-A1B8-63BCE3012FA5}.Debug|x86.Build.0 = Debug|Any CPU
		{F049A3E7-D628-4FC1-A1B8-63BCE3012FA5}.Release|Any CPU.ActiveCfg = Release|Any CPU
		{F049A3E7-D628-4FC1-A1B8-63BCE3012FA5}.Release|Any CPU.Build.0 = Release|Any CPU
		{F049A3E7-D628-4FC1-A1B8-63BCE3012FA5}.Release|x64.ActiveCfg = Release|Any CPU
		{F049A3E7-D628-4FC1-A1B8-63BCE3012FA5}.Release|x64.Build.0 = Release|Any CPU
		{F049A3E7-D628-4FC1-A1B8-63BCE3012FA5}.Release|x86.ActiveCfg = Release|Any CPU
		{F049A3E7-D628-4FC1-A1B8-63BCE3012FA5}.Release|x86.Build.0 = Release|Any CPU
		{C89A4230-DF80-445D-8C92-E1F3A2FCCC61}.Debug|Any CPU.ActiveCfg = Debug|Any CPU
		{C89A4230-DF80-445D-8C92-E1F3A2FCCC61}.Debug|Any CPU.Build.0 = Debug|Any CPU
		{C89A4230-DF80-445D-8C92-E1F3A2FCCC61}.Debug|x64.ActiveCfg = Debug|Any CPU
		{C89A4230-DF80-445D-8C92-E1F3A2FCCC61}.Debug|x64.Build.0 = Debug|Any CPU
		{C89A4230-DF80-445D-8C92-E1F3A2FCCC61}.Debug|x86.ActiveCfg = Debug|Any CPU
		{C89A4230-DF80-445D-8C92-E1F3A2FCCC61}.Debug|x86.Build.0 = Debug|Any CPU
		{C89A4230-DF80-445D-8C92-E1F3A2FCCC61}.Release|Any CPU.ActiveCfg = Release|Any CPU
		{C89A4230-DF80-445D-8C92-E1F3A2FCCC61}.Release|Any CPU.Build.0 = Release|Any CPU
		{C89A4230-DF80-445D-8C92-E1F3A2FCCC61}.Release|x64.ActiveCfg = Release|Any CPU
		{C89A4230-DF80-445D-8C92-E1F3A2FCCC61}.Release|x64.Build.0 = Release|Any CPU
		{C89A4230-DF80-445D-8C92-E1F3A2FCCC61}.Release|x86.ActiveCfg = Release|Any CPU
		{C89A4230-DF80-445D-8C92-E1F3A2FCCC61}.Release|x86.Build.0 = Release|Any CPU
		{96487C7E-FAB0-48B8-9529-BCD5B682AD81}.Debug|Any CPU.ActiveCfg = Debug|Any CPU
		{96487C7E-FAB0-48B8-9529-BCD5B682AD81}.Debug|Any CPU.Build.0 = Debug|Any CPU
		{96487C7E-FAB0-48B8-9529-BCD5B682AD81}.Debug|x64.ActiveCfg = Debug|Any CPU
		{96487C7E-FAB0-48B8-9529-BCD5B682AD81}.Debug|x64.Build.0 = Debug|Any CPU
		{96487C7E-FAB0-48B8-9529-BCD5B682AD81}.Debug|x86.ActiveCfg = Debug|Any CPU
		{96487C7E-FAB0-48B8-9529-BCD5B682AD81}.Debug|x86.Build.0 = Debug|Any CPU
		{96487C7E-FAB0-48B8-9529-BCD5B682AD81}.Release|Any CPU.ActiveCfg = Release|Any CPU
		{96487C7E-FAB0-48B8-9529-BCD5B682AD81}.Release|Any CPU.Build.0 = Release|Any CPU
		{96487C7E-FAB0-48B8-9529-BCD5B682AD81}.Release|x64.ActiveCfg = Release|Any CPU
		{96487C7E-FAB0-48B8-9529-BCD5B682AD81}.Release|x64.Build.0 = Release|Any CPU
		{96487C7E-FAB0-48B8-9529-BCD5B682AD81}.Release|x86.ActiveCfg = Release|Any CPU
		{96487C7E-FAB0-48B8-9529-BCD5B682AD81}.Release|x86.Build.0 = Release|Any CPU
		{4EEC2434-23A2-4B41-974D-A3B381364F12}.Debug|Any CPU.ActiveCfg = Debug|Any CPU
		{4EEC2434-23A2-4B41-974D-A3B381364F12}.Debug|Any CPU.Build.0 = Debug|Any CPU
		{4EEC2434-23A2-4B41-974D-A3B381364F12}.Debug|x64.ActiveCfg = Debug|Any CPU
		{4EEC2434-23A2-4B41-974D-A3B381364F12}.Debug|x64.Build.0 = Debug|Any CPU
		{4EEC2434-23A2-4B41-974D-A3B381364F12}.Debug|x86.ActiveCfg = Debug|Any CPU
		{4EEC2434-23A2-4B41-974D-A3B381364F12}.Debug|x86.Build.0 = Debug|Any CPU
		{4EEC2434-23A2-4B41-974D-A3B381364F12}.Release|Any CPU.ActiveCfg = Release|Any CPU
		{4EEC2434-23A2-4B41-974D-A3B381364F12}.Release|Any CPU.Build.0 = Release|Any CPU
		{4EEC2434-23A2-4B41-974D-A3B381364F12}.Release|x64.ActiveCfg = Release|Any CPU
		{4EEC2434-23A2-4B41-974D-A3B381364F12}.Release|x64.Build.0 = Release|Any CPU
		{4EEC2434-23A2-4B41-974D-A3B381364F12}.Release|x86.ActiveCfg = Release|Any CPU
		{4EEC2434-23A2-4B41-974D-A3B381364F12}.Release|x86.Build.0 = Release|Any CPU
		{78CE3778-38C7-483E-9C46-484DD8FE80FC}.Debug|Any CPU.ActiveCfg = Debug|Any CPU
		{78CE3778-38C7-483E-9C46-484DD8FE80FC}.Debug|Any CPU.Build.0 = Debug|Any CPU
		{78CE3778-38C7-483E-9C46-484DD8FE80FC}.Debug|x64.ActiveCfg = Debug|Any CPU
		{78CE3778-38C7-483E-9C46-484DD8FE80FC}.Debug|x64.Build.0 = Debug|Any CPU
		{78CE3778-38C7-483E-9C46-484DD8FE80FC}.Debug|x86.ActiveCfg = Debug|Any CPU
		{78CE3778-38C7-483E-9C46-484DD8FE80FC}.Debug|x86.Build.0 = Debug|Any CPU
		{78CE3778-38C7-483E-9C46-484DD8FE80FC}.Release|Any CPU.ActiveCfg = Release|Any CPU
		{78CE3778-38C7-483E-9C46-484DD8FE80FC}.Release|Any CPU.Build.0 = Release|Any CPU
		{78CE3778-38C7-483E-9C46-484DD8FE80FC}.Release|x64.ActiveCfg = Release|Any CPU
		{78CE3778-38C7-483E-9C46-484DD8FE80FC}.Release|x64.Build.0 = Release|Any CPU
		{78CE3778-38C7-483E-9C46-484DD8FE80FC}.Release|x86.ActiveCfg = Release|Any CPU
		{78CE3778-38C7-483E-9C46-484DD8FE80FC}.Release|x86.Build.0 = Release|Any CPU
		{FB73399D-33D9-4EA2-AA75-67BA2BFE40A4}.Debug|Any CPU.ActiveCfg = Debug|Any CPU
		{FB73399D-33D9-4EA2-AA75-67BA2BFE40A4}.Debug|Any CPU.Build.0 = Debug|Any CPU
		{FB73399D-33D9-4EA2-AA75-67BA2BFE40A4}.Debug|x64.ActiveCfg = Debug|Any CPU
		{FB73399D-33D9-4EA2-AA75-67BA2BFE40A4}.Debug|x64.Build.0 = Debug|Any CPU
		{FB73399D-33D9-4EA2-AA75-67BA2BFE40A4}.Debug|x86.ActiveCfg = Debug|Any CPU
		{FB73399D-33D9-4EA2-AA75-67BA2BFE40A4}.Debug|x86.Build.0 = Debug|Any CPU
		{FB73399D-33D9-4EA2-AA75-67BA2BFE40A4}.Release|Any CPU.ActiveCfg = Release|Any CPU
		{FB73399D-33D9-4EA2-AA75-67BA2BFE40A4}.Release|Any CPU.Build.0 = Release|Any CPU
		{FB73399D-33D9-4EA2-AA75-67BA2BFE40A4}.Release|x64.ActiveCfg = Release|Any CPU
		{FB73399D-33D9-4EA2-AA75-67BA2BFE40A4}.Release|x64.Build.0 = Release|Any CPU
		{FB73399D-33D9-4EA2-AA75-67BA2BFE40A4}.Release|x86.ActiveCfg = Release|Any CPU
		{FB73399D-33D9-4EA2-AA75-67BA2BFE40A4}.Release|x86.Build.0 = Release|Any CPU
		{DE51CC12-C68C-492B-8CE0-F460AE3E9007}.Debug|Any CPU.ActiveCfg = Debug|Any CPU
		{DE51CC12-C68C-492B-8CE0-F460AE3E9007}.Debug|Any CPU.Build.0 = Debug|Any CPU
		{DE51CC12-C68C-492B-8CE0-F460AE3E9007}.Debug|x64.ActiveCfg = Debug|Any CPU
		{DE51CC12-C68C-492B-8CE0-F460AE3E9007}.Debug|x64.Build.0 = Debug|Any CPU
		{DE51CC12-C68C-492B-8CE0-F460AE3E9007}.Debug|x86.ActiveCfg = Debug|Any CPU
		{DE51CC12-C68C-492B-8CE0-F460AE3E9007}.Debug|x86.Build.0 = Debug|Any CPU
		{DE51CC12-C68C-492B-8CE0-F460AE3E9007}.Release|Any CPU.ActiveCfg = Release|Any CPU
		{DE51CC12-C68C-492B-8CE0-F460AE3E9007}.Release|Any CPU.Build.0 = Release|Any CPU
		{DE51CC12-C68C-492B-8CE0-F460AE3E9007}.Release|x64.ActiveCfg = Release|Any CPU
		{DE51CC12-C68C-492B-8CE0-F460AE3E9007}.Release|x64.Build.0 = Release|Any CPU
		{DE51CC12-C68C-492B-8CE0-F460AE3E9007}.Release|x86.ActiveCfg = Release|Any CPU
		{DE51CC12-C68C-492B-8CE0-F460AE3E9007}.Release|x86.Build.0 = Release|Any CPU
		{5C21E10E-A5B2-4DA2-83E5-0E93C0CE8D16}.Debug|Any CPU.ActiveCfg = Debug|Any CPU
		{5C21E10E-A5B2-4DA2-83E5-0E93C0CE8D16}.Debug|Any CPU.Build.0 = Debug|Any CPU
		{5C21E10E-A5B2-4DA2-83E5-0E93C0CE8D16}.Debug|x64.ActiveCfg = Debug|Any CPU
		{5C21E10E-A5B2-4DA2-83E5-0E93C0CE8D16}.Debug|x64.Build.0 = Debug|Any CPU
		{5C21E10E-A5B2-4DA2-83E5-0E93C0CE8D16}.Debug|x86.ActiveCfg = Debug|Any CPU
		{5C21E10E-A5B2-4DA2-83E5-0E93C0CE8D16}.Debug|x86.Build.0 = Debug|Any CPU
		{5C21E10E-A5B2-4DA2-83E5-0E93C0CE8D16}.Release|Any CPU.ActiveCfg = Release|Any CPU
		{5C21E10E-A5B2-4DA2-83E5-0E93C0CE8D16}.Release|Any CPU.Build.0 = Release|Any CPU
		{5C21E10E-A5B2-4DA2-83E5-0E93C0CE8D16}.Release|x64.ActiveCfg = Release|Any CPU
		{5C21E10E-A5B2-4DA2-83E5-0E93C0CE8D16}.Release|x64.Build.0 = Release|Any CPU
		{5C21E10E-A5B2-4DA2-83E5-0E93C0CE8D16}.Release|x86.ActiveCfg = Release|Any CPU
		{5C21E10E-A5B2-4DA2-83E5-0E93C0CE8D16}.Release|x86.Build.0 = Release|Any CPU
		{3A7E89C1-B1E1-491D-87AB-C4FEA77EE2DA}.Debug|Any CPU.ActiveCfg = Debug|Any CPU
		{3A7E89C1-B1E1-491D-87AB-C4FEA77EE2DA}.Debug|Any CPU.Build.0 = Debug|Any CPU
		{3A7E89C1-B1E1-491D-87AB-C4FEA77EE2DA}.Debug|x64.ActiveCfg = Debug|Any CPU
		{3A7E89C1-B1E1-491D-87AB-C4FEA77EE2DA}.Debug|x64.Build.0 = Debug|Any CPU
		{3A7E89C1-B1E1-491D-87AB-C4FEA77EE2DA}.Debug|x86.ActiveCfg = Debug|Any CPU
		{3A7E89C1-B1E1-491D-87AB-C4FEA77EE2DA}.Debug|x86.Build.0 = Debug|Any CPU
		{3A7E89C1-B1E1-491D-87AB-C4FEA77EE2DA}.Release|Any CPU.ActiveCfg = Release|Any CPU
		{3A7E89C1-B1E1-491D-87AB-C4FEA77EE2DA}.Release|Any CPU.Build.0 = Release|Any CPU
		{3A7E89C1-B1E1-491D-87AB-C4FEA77EE2DA}.Release|x64.ActiveCfg = Release|Any CPU
		{3A7E89C1-B1E1-491D-87AB-C4FEA77EE2DA}.Release|x64.Build.0 = Release|Any CPU
		{3A7E89C1-B1E1-491D-87AB-C4FEA77EE2DA}.Release|x86.ActiveCfg = Release|Any CPU
		{3A7E89C1-B1E1-491D-87AB-C4FEA77EE2DA}.Release|x86.Build.0 = Release|Any CPU
	EndGlobalSection
	GlobalSection(SolutionProperties) = preSolution
		HideSolutionNode = FALSE
	EndGlobalSection
	GlobalSection(NestedProjects) = preSolution
		{05C3029C-B53A-4D07-B555-2541A60C488A} = {82494A02-3E47-487C-9F10-82131A7F2036}
		{B2DE4595-79BB-4A66-9845-2AF4219EC208} = {82494A02-3E47-487C-9F10-82131A7F2036}
		{9F7C12AD-039C-47CD-93EA-9DD9419325AA} = {82494A02-3E47-487C-9F10-82131A7F2036}
		{A7E355B9-3A47-4B06-B690-FD7330CBF230} = {82494A02-3E47-487C-9F10-82131A7F2036}
		{A1176BD0-0B9B-46F7-86AA-94C0910A8DBF} = {82494A02-3E47-487C-9F10-82131A7F2036}
		{F049A3E7-D628-4FC1-A1B8-63BCE3012FA5} = {82494A02-3E47-487C-9F10-82131A7F2036}
		{C89A4230-DF80-445D-8C92-E1F3A2FCCC61} = {82494A02-3E47-487C-9F10-82131A7F2036}
		{96487C7E-FAB0-48B8-9529-BCD5B682AD81} = {383E2AD0-22DC-45D0-8D74-3BD07E1B0511}
		{4EEC2434-23A2-4B41-974D-A3B381364F12} = {383E2AD0-22DC-45D0-8D74-3BD07E1B0511}
		{78CE3778-38C7-483E-9C46-484DD8FE80FC} = {383E2AD0-22DC-45D0-8D74-3BD07E1B0511}
		{FB73399D-33D9-4EA2-AA75-67BA2BFE40A4} = {383E2AD0-22DC-45D0-8D74-3BD07E1B0511}
		{DE51CC12-C68C-492B-8CE0-F460AE3E9007} = {383E2AD0-22DC-45D0-8D74-3BD07E1B0511}
		{5C21E10E-A5B2-4DA2-83E5-0E93C0CE8D16} = {383E2AD0-22DC-45D0-8D74-3BD07E1B0511}
		{3A7E89C1-B1E1-491D-87AB-C4FEA77EE2DA} = {383E2AD0-22DC-45D0-8D74-3BD07E1B0511}
	EndGlobalSection
	GlobalSection(ExtensibilityGlobals) = postSolution
		SolutionGuid = {13DEE6AA-C76C-4345-A504-FAFC17316D4A}
	EndGlobalSection
EndGlobal
